{
  "version": 4,
  "terraform_version": "1.1.9",
  "serial": 83,
  "lineage": "b9ebbac8-3cab-d29c-ba93-b0b2692b4ec5",
  "outputs": {
    "created_api_hos": {
      "value": "echo-api.endpoints.vivae-poc.cloud.goog",
      "type": "string"
    },
    "service_range": {
      "value": "10.200.0.0/29",
      "type": "string"
    },
    "subnet_self_link": {
      "value": "https://www.googleapis.com/compute/v1/projects/vivae-poc/regions/southamerica-east1/subnetworks/subnet-prd",
      "type": "string"
    },
    "vpc": {
      "value": "vpc-prd",
      "type": "string"
    }
  },
  "resources": [
    {
      "mode": "managed",
      "type": "google_project_service",
      "name": "api_artifact",
      "provider": "provider[\"registry.terraform.io/hashicorp/google\"]",
      "instances": [
        {
          "schema_version": 0,
          "attributes": {
            "disable_dependent_services": null,
            "disable_on_destroy": false,
            "id": "vivae-poc/artifactregistry.googleapis.com",
            "project": "vivae-poc",
            "service": "artifactregistry.googleapis.com",
            "timeouts": null
          },
          "sensitive_attributes": [],
          "private": "eyJlMmJmYjczMC1lY2FhLTExZTYtOGY4OC0zNDM2M2JjN2M0YzAiOnsiY3JlYXRlIjoxMjAwMDAwMDAwMDAwLCJkZWxldGUiOjEyMDAwMDAwMDAwMDAsInJlYWQiOjYwMDAwMDAwMDAwMCwidXBkYXRlIjoxMjAwMDAwMDAwMDAwfX0="
        }
      ]
    },
    {
      "mode": "managed",
      "type": "google_project_service",
      "name": "api_compute",
      "provider": "provider[\"registry.terraform.io/hashicorp/google\"]",
      "instances": [
        {
          "schema_version": 0,
          "attributes": {
            "disable_dependent_services": null,
            "disable_on_destroy": false,
            "id": "vivae-poc/compute.googleapis.com",
            "project": "vivae-poc",
            "service": "compute.googleapis.com",
            "timeouts": null
          },
          "sensitive_attributes": [],
          "private": "eyJlMmJmYjczMC1lY2FhLTExZTYtOGY4OC0zNDM2M2JjN2M0YzAiOnsiY3JlYXRlIjoxMjAwMDAwMDAwMDAwLCJkZWxldGUiOjEyMDAwMDAwMDAwMDAsInJlYWQiOjYwMDAwMDAwMDAwMCwidXBkYXRlIjoxMjAwMDAwMDAwMDAwfX0="
        }
      ]
    },
    {
      "mode": "managed",
      "type": "google_project_service",
      "name": "api_container",
      "provider": "provider[\"registry.terraform.io/hashicorp/google\"]",
      "instances": [
        {
          "schema_version": 0,
          "attributes": {
            "disable_dependent_services": null,
            "disable_on_destroy": false,
            "id": "vivae-poc/container.googleapis.com",
            "project": "vivae-poc",
            "service": "container.googleapis.com",
            "timeouts": null
          },
          "sensitive_attributes": [],
          "private": "eyJlMmJmYjczMC1lY2FhLTExZTYtOGY4OC0zNDM2M2JjN2M0YzAiOnsiY3JlYXRlIjoxMjAwMDAwMDAwMDAwLCJkZWxldGUiOjEyMDAwMDAwMDAwMDAsInJlYWQiOjYwMDAwMDAwMDAwMCwidXBkYXRlIjoxMjAwMDAwMDAwMDAwfX0="
        }
      ]
    },
    {
      "mode": "managed",
      "type": "google_project_service",
      "name": "api_endpoints",
      "provider": "provider[\"registry.terraform.io/hashicorp/google\"]",
      "instances": [
        {
          "schema_version": 0,
          "attributes": {
            "disable_dependent_services": null,
            "disable_on_destroy": false,
            "id": "vivae-poc/endpoints.googleapis.com",
            "project": "vivae-poc",
            "service": "endpoints.googleapis.com",
            "timeouts": null
          },
          "sensitive_attributes": [],
          "private": "eyJlMmJmYjczMC1lY2FhLTExZTYtOGY4OC0zNDM2M2JjN2M0YzAiOnsiY3JlYXRlIjoxMjAwMDAwMDAwMDAwLCJkZWxldGUiOjEyMDAwMDAwMDAwMDAsInJlYWQiOjYwMDAwMDAwMDAwMCwidXBkYXRlIjoxMjAwMDAwMDAwMDAwfX0="
        }
      ]
    },
    {
      "mode": "managed",
      "type": "google_project_service",
      "name": "api_network",
      "provider": "provider[\"registry.terraform.io/hashicorp/google\"]",
      "instances": [
        {
          "schema_version": 0,
          "attributes": {
            "disable_dependent_services": null,
            "disable_on_destroy": false,
            "id": "vivae-poc/servicenetworking.googleapis.com",
            "project": "vivae-poc",
            "service": "servicenetworking.googleapis.com",
            "timeouts": null
          },
          "sensitive_attributes": [],
          "private": "eyJlMmJmYjczMC1lY2FhLTExZTYtOGY4OC0zNDM2M2JjN2M0YzAiOnsiY3JlYXRlIjoxMjAwMDAwMDAwMDAwLCJkZWxldGUiOjEyMDAwMDAwMDAwMDAsInJlYWQiOjYwMDAwMDAwMDAwMCwidXBkYXRlIjoxMjAwMDAwMDAwMDAwfX0="
        }
      ]
    },
    {
      "mode": "managed",
      "type": "google_project_service",
      "name": "api_redis",
      "provider": "provider[\"registry.terraform.io/hashicorp/google\"]",
      "instances": [
        {
          "schema_version": 0,
          "attributes": {
            "disable_dependent_services": null,
            "disable_on_destroy": false,
            "id": "vivae-poc/redis.googleapis.com",
            "project": "vivae-poc",
            "service": "redis.googleapis.com",
            "timeouts": null
          },
          "sensitive_attributes": [],
          "private": "eyJlMmJmYjczMC1lY2FhLTExZTYtOGY4OC0zNDM2M2JjN2M0YzAiOnsiY3JlYXRlIjoxMjAwMDAwMDAwMDAwLCJkZWxldGUiOjEyMDAwMDAwMDAwMDAsInJlYWQiOjYwMDAwMDAwMDAwMCwidXBkYXRlIjoxMjAwMDAwMDAwMDAwfX0="
        }
      ]
    },
    {
      "mode": "managed",
      "type": "google_project_service",
      "name": "api_repo",
      "provider": "provider[\"registry.terraform.io/hashicorp/google\"]",
      "instances": [
        {
          "schema_version": 0,
          "attributes": {
            "disable_dependent_services": null,
            "disable_on_destroy": false,
            "id": "vivae-poc/sourcerepo.googleapis.com",
            "project": "vivae-poc",
            "service": "sourcerepo.googleapis.com",
            "timeouts": null
          },
          "sensitive_attributes": [],
          "private": "eyJlMmJmYjczMC1lY2FhLTExZTYtOGY4OC0zNDM2M2JjN2M0YzAiOnsiY3JlYXRlIjoxMjAwMDAwMDAwMDAwLCJkZWxldGUiOjEyMDAwMDAwMDAwMDAsInJlYWQiOjYwMDAwMDAwMDAwMCwidXBkYXRlIjoxMjAwMDAwMDAwMDAwfX0="
        }
      ]
    },
    {
      "mode": "managed",
      "type": "google_project_service",
      "name": "api_resourcemanager",
      "provider": "provider[\"registry.terraform.io/hashicorp/google\"]",
      "instances": [
        {
          "schema_version": 0,
          "attributes": {
            "disable_dependent_services": null,
            "disable_on_destroy": false,
            "id": "vivae-poc/cloudresourcemanager.googleapis.com",
            "project": "vivae-poc",
            "service": "cloudresourcemanager.googleapis.com",
            "timeouts": null
          },
          "sensitive_attributes": [],
          "private": "eyJlMmJmYjczMC1lY2FhLTExZTYtOGY4OC0zNDM2M2JjN2M0YzAiOnsiY3JlYXRlIjoxMjAwMDAwMDAwMDAwLCJkZWxldGUiOjEyMDAwMDAwMDAwMDAsInJlYWQiOjYwMDAwMDAwMDAwMCwidXBkYXRlIjoxMjAwMDAwMDAwMDAwfX0="
        }
      ]
    },
    {
      "mode": "managed",
      "type": "google_project_service",
      "name": "api_service_management",
      "provider": "provider[\"registry.terraform.io/hashicorp/google\"]",
      "instances": [
        {
          "schema_version": 0,
          "attributes": {
            "disable_dependent_services": null,
            "disable_on_destroy": false,
            "id": "vivae-poc/servicecontrol.googleapis.com",
            "project": "vivae-poc",
            "service": "servicecontrol.googleapis.com",
            "timeouts": null
          },
          "sensitive_attributes": [],
          "private": "eyJlMmJmYjczMC1lY2FhLTExZTYtOGY4OC0zNDM2M2JjN2M0YzAiOnsiY3JlYXRlIjoxMjAwMDAwMDAwMDAwLCJkZWxldGUiOjEyMDAwMDAwMDAwMDAsInJlYWQiOjYwMDAwMDAwMDAwMCwidXBkYXRlIjoxMjAwMDAwMDAwMDAwfX0="
        }
      ]
    },
    {
      "mode": "managed",
      "type": "google_project_service",
      "name": "api_sql",
      "provider": "provider[\"registry.terraform.io/hashicorp/google\"]",
      "instances": [
        {
          "schema_version": 0,
          "attributes": {
            "disable_dependent_services": null,
            "disable_on_destroy": false,
            "id": "vivae-poc/sqladmin.googleapis.com",
            "project": "vivae-poc",
            "service": "sqladmin.googleapis.com",
            "timeouts": null
          },
          "sensitive_attributes": [],
          "private": "eyJlMmJmYjczMC1lY2FhLTExZTYtOGY4OC0zNDM2M2JjN2M0YzAiOnsiY3JlYXRlIjoxMjAwMDAwMDAwMDAwLCJkZWxldGUiOjEyMDAwMDAwMDAwMDAsInJlYWQiOjYwMDAwMDAwMDAwMCwidXBkYXRlIjoxMjAwMDAwMDAwMDAwfX0="
        }
      ]
    },
    {
      "module": "module.endpoints",
      "mode": "managed",
      "type": "google_endpoints_service",
      "name": "openapi_service",
      "provider": "provider[\"registry.terraform.io/hashicorp/google\"]",
      "instances": [
        {
          "schema_version": 1,
          "attributes": {
            "apis": [
              {
                "methods": [
                  {
                    "name": "AuthInfoGoogleIdToken",
                    "request_type": "type.googleapis.com/google.protobuf.Empty",
                    "response_type": "type.googleapis.com/AuthInfoResponse",
                    "syntax": ""
                  },
                  {
                    "name": "Auth_info_google_jwt",
                    "request_type": "type.googleapis.com/google.protobuf.Empty",
                    "response_type": "type.googleapis.com/AuthInfoResponse",
                    "syntax": ""
                  },
                  {
                    "name": "Echo",
                    "request_type": "type.googleapis.com/EchoRequest",
                    "response_type": "type.googleapis.com/EchoMessage",
                    "syntax": ""
                  }
                ],
                "name": "1.echo_api_endpoints_vivae_poc_cloud_goog",
                "syntax": "",
                "version": "1.0.0"
              }
            ],
            "config_id": "2022-08-01r0",
            "dns_address": "echo-api.endpoints.vivae-poc.cloud.goog",
            "endpoints": [
              {
                "address": "",
                "name": "echo-api.endpoints.vivae-poc.cloud.goog"
              }
            ],
            "grpc_config": null,
            "id": "echo-api.endpoints.vivae-poc.cloud.goog",
            "openapi_config": "# Copyright 2015 Google Inc.\r\n#\r\n# Licensed under the Apache License, Version 2.0 (the \"License\");\r\n# you may not use this file except in compliance with the License.\r\n# You may obtain a copy of the License at\r\n#\r\n#    http://www.apache.org/licenses/LICENSE-2.0\r\n#\r\n# Unless required by applicable law or agreed to in writing, software\r\n# distributed under the License is distributed on an \"AS IS\" BASIS,\r\n# WITHOUT WARRANTIES OR CONDITIONS OF ANY KIND, either express or implied.\r\n# See the License for the specific language governing permissions and\r\n# limitations under the License.\r\n\r\n# [START swagger]\r\nswagger: \"2.0\"\r\ninfo:\r\n  description: \"A simple Google Cloud Endpoints API example.\"\r\n  title: \"Endpoints Example\"\r\n  version: \"1.0.0\"\r\nhost: \"echo-api.endpoints.vivae-poc.cloud.goog\"\r\n# [END swagger]\r\nconsumes:\r\n  - \"application/json\"\r\nproduces:\r\n  - \"application/json\"\r\nschemes:\r\n# Uncomment the next line if you configure SSL for this API.\r\n# - \"https\"\r\n  - \"http\"  \r\npaths:\r\n  \"/echo\":\r\n    post:\r\n      description: \"Echo back a given message.\"\r\n      operationId: \"echo\"\r\n      produces:\r\n        - \"application/json\"\r\n      responses:\r\n        200:\r\n          description: \"Echo\"\r\n          schema:\r\n            $ref: \"#/definitions/echoMessage\"\r\n      parameters:\r\n        -\r\n          description: \"Message to echo\"\r\n          in: body\r\n          name: message\r\n          required: true\r\n          schema:\r\n            $ref: \"#/definitions/echoMessage\"\r\n      security:\r\n        - api_key: []\r\n  \"/auth/info/googlejwt\":\r\n    get:\r\n      description: \"Returns the requests' authentication information.\"\r\n      operationId: \"auth_info_google_jwt\"\r\n      produces:\r\n        - \"application/json\"\r\n      responses:\r\n        200:\r\n          description: \"Authenication info.\"\r\n          schema:\r\n            $ref: \"#/definitions/authInfoResponse\"\r\n      security:\r\n        - api_key: []\r\n          google_jwt: []\r\n  \"/auth/info/googleidtoken\":\r\n    get:\r\n      description: \"Returns the requests' authentication information.\"\r\n      operationId: \"authInfoGoogleIdToken\"\r\n      produces:\r\n        - \"application/json\"\r\n      responses:\r\n        200:\r\n          description: \"Authenication info.\"\r\n          schema:\r\n            $ref: \"#/definitions/authInfoResponse\"\r\n      security:\r\n        - api_key: []\r\n          google_id_token: []\r\ndefinitions:\r\n  echoMessage:\r\n    type: \"object\"\r\n    properties:\r\n      message:\r\n        type: \"string\"\r\n  authInfoResponse:\r\n    properties:\r\n      id:\r\n        type: \"string\"\r\n      email:\r\n        type: \"string\"\r\nsecurityDefinitions:\r\n  # This section configures basic authentication with an API key.\r\n  api_key:\r\n    type: \"apiKey\"\r\n    name: \"key\"\r\n    in: \"query\"\r\n  # This section configures authentication using Google API Service Accounts\r\n  # to sign a json web token. This is mostly used for server-to-server\r\n  # communication.\r\n  google_jwt:\r\n    authorizationUrl: \"\"\r\n    flow: \"implicit\"\r\n    type: \"oauth2\"\r\n    # This must match the 'iss' field in the JWT.\r\n    x-google-issuer: \"jwt-client.endpoints.sample.google.com\"\r\n    # Update this with your service account's email address.\r\n    x-google-jwks_uri: \"https://www.googleapis.com/service_accounts/v1/jwk/YOUR-SERVICE-ACCOUNT-EMAIL\"\r\n    # This must match the \"aud\" field in the JWT. You can add multiple\r\n    # audiences to accept JWTs from multiple clients.\r\n    x-google-audiences: \"echo.endpoints.sample.google.com\"\r\n  # This section configures authentication using Google OAuth2 ID Tokens.\r\n  # ID Tokens can be obtained using OAuth2 clients, and can be used to access\r\n  # your API on behalf of a particular user.\r\n  google_id_token:\r\n    authorizationUrl: \"\"\r\n    flow: \"implicit\"\r\n    type: \"oauth2\"\r\n    x-google-issuer: \"https://accounts.google.com\"\r\n    x-google-jwks_uri: \"https://www.googleapis.com/oauth2/v3/certs\"\r\n    # Your OAuth2 client's Client ID must be added here. You can add\r\n    # multiple client IDs to accept tokens from multiple clients.\r\n    x-google-audiences: \"YOUR-CLIENT-ID\"\r\n",
            "project": "vivae-poc",
            "protoc_output_base64": null,
            "service_name": "echo-api.endpoints.vivae-poc.cloud.goog",
            "timeouts": null
          },
          "sensitive_attributes": [],
          "private": "eyJlMmJmYjczMC1lY2FhLTExZTYtOGY4OC0zNDM2M2JjN2M0YzAiOnsiY3JlYXRlIjo2MDAwMDAwMDAwMDAsImRlbGV0ZSI6NjAwMDAwMDAwMDAwLCJ1cGRhdGUiOjYwMDAwMDAwMDAwMH0sInNjaGVtYV92ZXJzaW9uIjoiMSJ9"
        }
      ]
    },
    {
      "module": "module.subnets",
      "mode": "managed",
      "type": "google_compute_subnetwork",
      "name": "subnetwork",
      "provider": "provider[\"registry.terraform.io/hashicorp/google\"]",
      "instances": [
        {
          "schema_version": 0,
          "attributes": {
            "creation_timestamp": "2022-08-01T07:25:26.452-07:00",
            "description": "",
            "external_ipv6_prefix": "",
            "fingerprint": null,
            "gateway_address": "10.2.0.1",
            "id": "projects/vivae-poc/regions/southamerica-east1/subnetworks/subnet-prd",
            "ip_cidr_range": "10.2.0.0/24",
            "ipv6_access_type": "",
            "ipv6_cidr_range": "",
            "log_config": [],
            "name": "subnet-prd",
            "network": "https://www.googleapis.com/compute/v1/projects/vivae-poc/global/networks/vpc-prd",
            "private_ip_google_access": false,
            "private_ipv6_google_access": "DISABLE_GOOGLE_ACCESS",
            "project": "vivae-poc",
            "purpose": "PRIVATE",
            "region": "southamerica-east1",
            "role": "",
            "secondary_ip_range": [
              {
                "ip_cidr_range": "10.2.1.0/24",
                "range_name": "subnet-prd-k8s"
              },
              {
                "ip_cidr_range": "10.2.2.0/24",
                "range_name": "subnet-prd-services"
              }
            ],
            "self_link": "https://www.googleapis.com/compute/v1/projects/vivae-poc/regions/southamerica-east1/subnetworks/subnet-prd",
            "stack_type": "IPV4_ONLY",
            "timeouts": null
          },
          "sensitive_attributes": [],
          "private": "eyJlMmJmYjczMC1lY2FhLTExZTYtOGY4OC0zNDM2M2JjN2M0YzAiOnsiY3JlYXRlIjoxMjAwMDAwMDAwMDAwLCJkZWxldGUiOjEyMDAwMDAwMDAwMDAsInVwZGF0ZSI6MTIwMDAwMDAwMDAwMH19",
          "dependencies": [
            "google_project_service.api_compute",
            "google_project_service.api_network",
            "google_project_service.api_resourcemanager",
            "module.vpc.google_compute_global_address.private_ip_address_postegre",
            "module.vpc.google_compute_network.network",
            "module.vpc.google_service_networking_connection.private_vpc_connection"
          ]
        }
      ]
    },
    {
      "module": "module.vpc",
      "mode": "managed",
      "type": "google_compute_global_address",
      "name": "private_ip_address_postegre",
      "provider": "provider[\"registry.terraform.io/hashicorp/google\"]",
      "instances": [
        {
          "schema_version": 0,
          "attributes": {
            "address": "10.200.0.0",
            "address_type": "INTERNAL",
            "creation_timestamp": "2022-08-01T07:24:38.723-07:00",
            "description": "",
            "id": "projects/vivae-poc/global/addresses/postegre-prd-range",
            "ip_version": "",
            "name": "postegre-prd-range",
            "network": "https://www.googleapis.com/compute/v1/projects/vivae-poc/global/networks/vpc-prd",
            "prefix_length": 20,
            "project": "vivae-poc",
            "purpose": "VPC_PEERING",
            "self_link": "https://www.googleapis.com/compute/v1/projects/vivae-poc/global/addresses/postegre-prd-range",
            "timeouts": null
          },
          "sensitive_attributes": [],
          "private": "eyJlMmJmYjczMC1lY2FhLTExZTYtOGY4OC0zNDM2M2JjN2M0YzAiOnsiY3JlYXRlIjoxMjAwMDAwMDAwMDAwLCJkZWxldGUiOjEyMDAwMDAwMDAwMDB9fQ==",
          "dependencies": [
            "google_project_service.api_compute",
            "google_project_service.api_network",
            "google_project_service.api_resourcemanager",
            "module.vpc.google_compute_network.network"
          ]
        }
      ]
    },
    {
      "module": "module.vpc",
      "mode": "managed",
      "type": "google_compute_network",
      "name": "network",
      "provider": "provider[\"registry.terraform.io/hashicorp/google\"]",
      "instances": [
        {
          "schema_version": 0,
          "attributes": {
            "auto_create_subnetworks": false,
            "delete_default_routes_on_create": false,
            "description": "Cluster description",
            "gateway_ipv4": "",
            "id": "projects/vivae-poc/global/networks/vpc-prd",
            "mtu": 1460,
            "name": "vpc-prd",
            "project": "vivae-poc",
            "routing_mode": "REGIONAL",
            "self_link": "https://www.googleapis.com/compute/v1/projects/vivae-poc/global/networks/vpc-prd",
            "timeouts": null
          },
          "sensitive_attributes": [],
          "private": "eyJlMmJmYjczMC1lY2FhLTExZTYtOGY4OC0zNDM2M2JjN2M0YzAiOnsiY3JlYXRlIjoxMjAwMDAwMDAwMDAwLCJkZWxldGUiOjEyMDAwMDAwMDAwMDAsInVwZGF0ZSI6MTIwMDAwMDAwMDAwMH19",
          "dependencies": [
            "google_project_service.api_compute",
            "google_project_service.api_network",
            "google_project_service.api_resourcemanager"
          ]
        }
      ]
    },
    {
      "module": "module.vpc",
      "mode": "managed",
      "type": "google_service_networking_connection",
      "name": "private_vpc_connection",
      "provider": "provider[\"registry.terraform.io/hashicorp/google\"]",
      "instances": [
        {
          "schema_version": 0,
          "attributes": {
            "id": "https%3A%2F%2Fwww.googleapis.com%2Fcompute%2Fv1%2Fprojects%2Fvivae-poc%2Fglobal%2Fnetworks%2Fvpc-prd:servicenetworking.googleapis.com",
            "network": "https://www.googleapis.com/compute/v1/projects/vivae-poc/global/networks/vpc-prd",
            "peering": "servicenetworking-googleapis-com",
            "reserved_peering_ranges": [
              "postegre-prd-range"
            ],
            "service": "servicenetworking.googleapis.com",
            "timeouts": null
          },
          "sensitive_attributes": [],
          "private": "eyJlMmJmYjczMC1lY2FhLTExZTYtOGY4OC0zNDM2M2JjN2M0YzAiOnsiY3JlYXRlIjo2MDAwMDAwMDAwMDAsImRlbGV0ZSI6NjAwMDAwMDAwMDAwLCJ1cGRhdGUiOjYwMDAwMDAwMDAwMH19",
          "dependencies": [
            "google_project_service.api_compute",
            "google_project_service.api_network",
            "google_project_service.api_resourcemanager",
            "module.vpc.google_compute_global_address.private_ip_address_postegre",
            "module.vpc.google_compute_network.network"
          ]
        }
      ]
    }
  ]
}
