{
  "version": 4,
  "terraform_version": "1.1.9",
  "serial": 20,
  "lineage": "f81d8c31-3500-6bbb-dc6f-46221ead456f",
  "outputs": {
    "network": {
      "value": {
        "network": {
          "auto_create_subnetworks": false,
          "delete_default_routes_on_create": false,
          "description": "",
          "gateway_ipv4": "",
          "id": "projects/terraform-prd-354612/global/networks/vpc-prd",
          "mtu": 1460,
          "name": "vpc-prd",
          "project": "terraform-prd-354612",
          "routing_mode": "REGIONAL",
          "self_link": "https://www.googleapis.com/compute/v1/projects/terraform-prd-354612/global/networks/vpc-prd",
          "timeouts": null
        },
        "network_id": "projects/terraform-prd-354612/global/networks/vpc-prd",
        "network_name": "vpc-prd",
        "network_self_link": "https://www.googleapis.com/compute/v1/projects/terraform-prd-354612/global/networks/vpc-prd"
      },
      "type": [
        "object",
        {
          "network": [
            "object",
            {
              "auto_create_subnetworks": "bool",
              "delete_default_routes_on_create": "bool",
              "description": "string",
              "gateway_ipv4": "string",
              "id": "string",
              "mtu": "number",
              "name": "string",
              "project": "string",
              "routing_mode": "string",
              "self_link": "string",
              "timeouts": [
                "object",
                {
                  "create": "string",
                  "delete": "string",
                  "update": "string"
                }
              ]
            }
          ],
          "network_id": "string",
          "network_name": "string",
          "network_self_link": "string"
        }
      ]
    },
    "network_id": {
      "value": "projects/terraform-prd-354612/global/networks/vpc-prd",
      "type": "string"
    },
    "network_name": {
      "value": "vpc-prd",
      "type": "string"
    },
    "network_self_link": {
      "value": "https://www.googleapis.com/compute/v1/projects/terraform-prd-354612/global/networks/vpc-prd",
      "type": "string"
    },
    "subnets": {
      "value": {
        "creation_timestamp": "2022-06-27T07:00:32.039-07:00",
        "description": "",
        "external_ipv6_prefix": "",
        "fingerprint": null,
        "gateway_address": "10.0.0.1",
        "id": "projects/terraform-prd-354612/regions/us-east1/subnetworks/subnet-prd",
        "ip_cidr_range": "10.0.0.0/24",
        "ipv6_access_type": "",
        "ipv6_cidr_range": "",
        "log_config": [],
        "name": "subnet-prd",
        "network": "https://www.googleapis.com/compute/v1/projects/terraform-prd-354612/global/networks/vpc-prd",
        "private_ip_google_access": false,
        "private_ipv6_google_access": "DISABLE_GOOGLE_ACCESS",
        "project": "terraform-prd-354612",
        "purpose": "PRIVATE",
        "region": "us-east1",
        "role": "",
        "secondary_ip_range": [
          {
            "ip_cidr_range": "10.2.0.0/24",
            "range_name": "prd"
          }
        ],
        "self_link": "https://www.googleapis.com/compute/v1/projects/terraform-prd-354612/regions/us-east1/subnetworks/subnet-prd",
        "stack_type": "IPV4_ONLY",
        "timeouts": null
      },
      "type": [
        "object",
        {
          "creation_timestamp": "string",
          "description": "string",
          "external_ipv6_prefix": "string",
          "fingerprint": "string",
          "gateway_address": "string",
          "id": "string",
          "ip_cidr_range": "string",
          "ipv6_access_type": "string",
          "ipv6_cidr_range": "string",
          "log_config": [
            "list",
            [
              "object",
              {
                "aggregation_interval": "string",
                "filter_expr": "string",
                "flow_sampling": "number",
                "metadata": "string",
                "metadata_fields": [
                  "set",
                  "string"
                ]
              }
            ]
          ],
          "name": "string",
          "network": "string",
          "private_ip_google_access": "bool",
          "private_ipv6_google_access": "string",
          "project": "string",
          "purpose": "string",
          "region": "string",
          "role": "string",
          "secondary_ip_range": [
            "list",
            [
              "object",
              {
                "ip_cidr_range": "string",
                "range_name": "string"
              }
            ]
          ],
          "self_link": "string",
          "stack_type": "string",
          "timeouts": [
            "object",
            {
              "create": "string",
              "delete": "string",
              "update": "string"
            }
          ]
        }
      ]
    },
    "subnets_ids": {
      "value": "vpc-prd",
      "type": "string"
    },
    "subnets_ips": {
      "value": "10.0.0.0/24",
      "type": "string"
    },
    "subnets_names": {
      "value": "subnet-prd",
      "type": "string"
    },
    "subnets_regions": {
      "value": "us-east1",
      "type": "string"
    },
    "subnets_secondary_ranges": {
      "value": "prd",
      "type": "string"
    }
  },
  "resources": [
    {
      "mode": "managed",
      "type": "google_project_service",
      "name": "api_compute",
      "provider": "provider[\"registry.terraform.io/hashicorp/google\"]",
      "instances": [
        {
          "schema_version": 0,
          "attributes": {
            "disable_dependent_services": null,
            "disable_on_destroy": false,
            "id": "terraform-prd-354612/compute.googleapis.com",
            "project": "terraform-prd-354612",
            "service": "compute.googleapis.com",
            "timeouts": null
          },
          "sensitive_attributes": [],
          "private": "eyJlMmJmYjczMC1lY2FhLTExZTYtOGY4OC0zNDM2M2JjN2M0YzAiOnsiY3JlYXRlIjoxMjAwMDAwMDAwMDAwLCJkZWxldGUiOjEyMDAwMDAwMDAwMDAsInJlYWQiOjYwMDAwMDAwMDAwMCwidXBkYXRlIjoxMjAwMDAwMDAwMDAwfX0="
        }
      ]
    },
    {
      "mode": "managed",
      "type": "google_project_service",
      "name": "api_resourcemanager",
      "provider": "provider[\"registry.terraform.io/hashicorp/google\"]",
      "instances": [
        {
          "schema_version": 0,
          "attributes": {
            "disable_dependent_services": null,
            "disable_on_destroy": false,
            "id": "terraform-prd-354612/cloudresourcemanager.googleapis.com",
            "project": "terraform-prd-354612",
            "service": "cloudresourcemanager.googleapis.com",
            "timeouts": null
          },
          "sensitive_attributes": [],
          "private": "eyJlMmJmYjczMC1lY2FhLTExZTYtOGY4OC0zNDM2M2JjN2M0YzAiOnsiY3JlYXRlIjoxMjAwMDAwMDAwMDAwLCJkZWxldGUiOjEyMDAwMDAwMDAwMDAsInJlYWQiOjYwMDAwMDAwMDAwMCwidXBkYXRlIjoxMjAwMDAwMDAwMDAwfX0="
        }
      ]
    },
    {
      "module": "module.subnets",
      "mode": "managed",
      "type": "google_compute_subnetwork",
      "name": "subnetwork",
      "provider": "provider[\"registry.terraform.io/hashicorp/google\"]",
      "instances": [
        {
          "schema_version": 0,
          "attributes": {
            "creation_timestamp": "2022-06-27T07:00:32.039-07:00",
            "description": "",
            "external_ipv6_prefix": "",
            "fingerprint": null,
            "gateway_address": "10.0.0.1",
            "id": "projects/terraform-prd-354612/regions/us-east1/subnetworks/subnet-prd",
            "ip_cidr_range": "10.0.0.0/24",
            "ipv6_access_type": "",
            "ipv6_cidr_range": "",
            "log_config": [],
            "name": "subnet-prd",
            "network": "https://www.googleapis.com/compute/v1/projects/terraform-prd-354612/global/networks/vpc-prd",
            "private_ip_google_access": false,
            "private_ipv6_google_access": "DISABLE_GOOGLE_ACCESS",
            "project": "terraform-prd-354612",
            "purpose": "PRIVATE",
            "region": "us-east1",
            "role": "",
            "secondary_ip_range": [
              {
                "ip_cidr_range": "10.2.0.0/24",
                "range_name": "prd"
              }
            ],
            "self_link": "https://www.googleapis.com/compute/v1/projects/terraform-prd-354612/regions/us-east1/subnetworks/subnet-prd",
            "stack_type": "IPV4_ONLY",
            "timeouts": null
          },
          "sensitive_attributes": [],
          "private": "eyJlMmJmYjczMC1lY2FhLTExZTYtOGY4OC0zNDM2M2JjN2M0YzAiOnsiY3JlYXRlIjoxMjAwMDAwMDAwMDAwLCJkZWxldGUiOjEyMDAwMDAwMDAwMDAsInVwZGF0ZSI6MTIwMDAwMDAwMDAwMH19",
          "dependencies": [
            "google_project_service.api_compute",
            "google_project_service.api_resourcemanager",
            "module.vpc.google_compute_network.network"
          ]
        }
      ]
    },
    {
      "module": "module.vpc",
      "mode": "managed",
      "type": "google_compute_network",
      "name": "network",
      "provider": "provider[\"registry.terraform.io/hashicorp/google\"]",
      "instances": [
        {
          "schema_version": 0,
          "attributes": {
            "auto_create_subnetworks": false,
            "delete_default_routes_on_create": false,
            "description": "",
            "gateway_ipv4": "",
            "id": "projects/terraform-prd-354612/global/networks/vpc-prd",
            "mtu": 1460,
            "name": "vpc-prd",
            "project": "terraform-prd-354612",
            "routing_mode": "REGIONAL",
            "self_link": "https://www.googleapis.com/compute/v1/projects/terraform-prd-354612/global/networks/vpc-prd",
            "timeouts": null
          },
          "sensitive_attributes": [],
          "private": "eyJlMmJmYjczMC1lY2FhLTExZTYtOGY4OC0zNDM2M2JjN2M0YzAiOnsiY3JlYXRlIjoxMjAwMDAwMDAwMDAwLCJkZWxldGUiOjEyMDAwMDAwMDAwMDAsInVwZGF0ZSI6MTIwMDAwMDAwMDAwMH19",
          "dependencies": [
            "google_project_service.api_compute",
            "google_project_service.api_resourcemanager"
          ]
        }
      ]
    }
  ]
}
