{
  "version": 4,
  "terraform_version": "1.1.9",
  "serial": 357,
  "lineage": "d6f39b48-2609-f107-953b-c1a2eba1b809",
  "outputs": {
    "service_range": {
      "value": "postegre-dev-range",
      "type": "string"
    },
    "vpc": {
      "value": "vpc-dev",
      "type": "string"
    }
  },
  "resources": [
    {
      "mode": "data",
      "type": "google_client_config",
      "name": "default",
      "provider": "provider[\"registry.terraform.io/hashicorp/google\"]",
      "instances": [
        {
          "schema_version": 0,
          "attributes": {
            "access_token": "ya29.c.b0AXv0zTNDw_bdpY_bF8HdmbXd3gP-U8hiyjkmjCTUvFrbFpBary-GHr_v1Q_5vOGvImUIhmOM2ldAxjN2_OZutk6DWubkpV5pNZaE3w9cORIfho-GXGF-hSJlEqkLiSYddal-4LTE09VzJHTHiGLIFQXhWsivNGoECKxqD0vYPrH6X_KHQ7YKJf2L5n8UktR1_6y_kAmtVTgJUxtRTLZmzPYDZWjXIxfq.......................................................................................................................................................................................................................................................................................................................................................................................................................................................................................................................................................................................................................................................................................................................................................................................................................",
            "id": "projects/terraform-project-dev-356418/regions/us-east1/zones/",
            "project": "terraform-project-dev-356418",
            "region": "us-east1",
            "zone": ""
          },
          "sensitive_attributes": []
        }
      ]
    },
    {
      "mode": "data",
      "type": "google_compute_subnetwork",
      "name": "subnetwork",
      "provider": "provider[\"registry.terraform.io/hashicorp/google\"]",
      "instances": [
        {
          "schema_version": 0,
          "attributes": {
            "description": null,
            "gateway_address": null,
            "id": null,
            "ip_cidr_range": null,
            "name": null,
            "network": null,
            "private_ip_google_access": null,
            "project": null,
            "region": null,
            "secondary_ip_range": null,
            "self_link": null
          },
          "sensitive_attributes": []
        }
      ]
    },
    {
      "mode": "managed",
      "type": "google_project_service",
      "name": "api_artifact",
      "provider": "provider[\"registry.terraform.io/hashicorp/google\"]",
      "instances": [
        {
          "schema_version": 0,
          "attributes": {
            "disable_dependent_services": null,
            "disable_on_destroy": false,
            "id": "terraform-project-dev-356418/artifactregistry.googleapis.com",
            "project": "terraform-project-dev-356418",
            "service": "artifactregistry.googleapis.com",
            "timeouts": null
          },
          "sensitive_attributes": [],
          "private": "eyJlMmJmYjczMC1lY2FhLTExZTYtOGY4OC0zNDM2M2JjN2M0YzAiOnsiY3JlYXRlIjoxMjAwMDAwMDAwMDAwLCJkZWxldGUiOjEyMDAwMDAwMDAwMDAsInJlYWQiOjYwMDAwMDAwMDAwMCwidXBkYXRlIjoxMjAwMDAwMDAwMDAwfX0="
        }
      ]
    },
    {
      "mode": "managed",
      "type": "google_project_service",
      "name": "api_compute",
      "provider": "provider[\"registry.terraform.io/hashicorp/google\"]",
      "instances": [
        {
          "schema_version": 0,
          "attributes": {
            "disable_dependent_services": null,
            "disable_on_destroy": false,
            "id": "terraform-project-dev-356418/compute.googleapis.com",
            "project": "terraform-project-dev-356418",
            "service": "compute.googleapis.com",
            "timeouts": null
          },
          "sensitive_attributes": [],
          "private": "eyJlMmJmYjczMC1lY2FhLTExZTYtOGY4OC0zNDM2M2JjN2M0YzAiOnsiY3JlYXRlIjoxMjAwMDAwMDAwMDAwLCJkZWxldGUiOjEyMDAwMDAwMDAwMDAsInJlYWQiOjYwMDAwMDAwMDAwMCwidXBkYXRlIjoxMjAwMDAwMDAwMDAwfX0="
        }
      ]
    },
    {
      "mode": "managed",
      "type": "google_project_service",
      "name": "api_container",
      "provider": "provider[\"registry.terraform.io/hashicorp/google\"]",
      "instances": [
        {
          "schema_version": 0,
          "attributes": {
            "disable_dependent_services": null,
            "disable_on_destroy": false,
            "id": "terraform-project-dev-356418/container.googleapis.com",
            "project": "terraform-project-dev-356418",
            "service": "container.googleapis.com",
            "timeouts": null
          },
          "sensitive_attributes": [],
          "private": "eyJlMmJmYjczMC1lY2FhLTExZTYtOGY4OC0zNDM2M2JjN2M0YzAiOnsiY3JlYXRlIjoxMjAwMDAwMDAwMDAwLCJkZWxldGUiOjEyMDAwMDAwMDAwMDAsInJlYWQiOjYwMDAwMDAwMDAwMCwidXBkYXRlIjoxMjAwMDAwMDAwMDAwfX0="
        }
      ]
    },
    {
      "mode": "managed",
      "type": "google_project_service",
      "name": "api_network",
      "provider": "provider[\"registry.terraform.io/hashicorp/google\"]",
      "instances": [
        {
          "schema_version": 0,
          "attributes": {
            "disable_dependent_services": null,
            "disable_on_destroy": false,
            "id": "terraform-project-dev-356418/servicenetworking.googleapis.com",
            "project": "terraform-project-dev-356418",
            "service": "servicenetworking.googleapis.com",
            "timeouts": null
          },
          "sensitive_attributes": [],
          "private": "eyJlMmJmYjczMC1lY2FhLTExZTYtOGY4OC0zNDM2M2JjN2M0YzAiOnsiY3JlYXRlIjoxMjAwMDAwMDAwMDAwLCJkZWxldGUiOjEyMDAwMDAwMDAwMDAsInJlYWQiOjYwMDAwMDAwMDAwMCwidXBkYXRlIjoxMjAwMDAwMDAwMDAwfX0="
        }
      ]
    },
    {
      "mode": "managed",
      "type": "google_project_service",
      "name": "api_redis",
      "provider": "provider[\"registry.terraform.io/hashicorp/google\"]",
      "instances": [
        {
          "schema_version": 0,
          "attributes": {
            "disable_dependent_services": null,
            "disable_on_destroy": false,
            "id": "terraform-project-dev-356418/redis.googleapis.com",
            "project": "terraform-project-dev-356418",
            "service": "redis.googleapis.com",
            "timeouts": null
          },
          "sensitive_attributes": [],
          "private": "eyJlMmJmYjczMC1lY2FhLTExZTYtOGY4OC0zNDM2M2JjN2M0YzAiOnsiY3JlYXRlIjoxMjAwMDAwMDAwMDAwLCJkZWxldGUiOjEyMDAwMDAwMDAwMDAsInJlYWQiOjYwMDAwMDAwMDAwMCwidXBkYXRlIjoxMjAwMDAwMDAwMDAwfX0="
        }
      ]
    },
    {
      "mode": "managed",
      "type": "google_project_service",
      "name": "api_repo",
      "provider": "provider[\"registry.terraform.io/hashicorp/google\"]",
      "instances": [
        {
          "schema_version": 0,
          "attributes": {
            "disable_dependent_services": null,
            "disable_on_destroy": false,
            "id": "terraform-project-dev-356418/sourcerepo.googleapis.com",
            "project": "terraform-project-dev-356418",
            "service": "sourcerepo.googleapis.com",
            "timeouts": null
          },
          "sensitive_attributes": [],
          "private": "eyJlMmJmYjczMC1lY2FhLTExZTYtOGY4OC0zNDM2M2JjN2M0YzAiOnsiY3JlYXRlIjoxMjAwMDAwMDAwMDAwLCJkZWxldGUiOjEyMDAwMDAwMDAwMDAsInJlYWQiOjYwMDAwMDAwMDAwMCwidXBkYXRlIjoxMjAwMDAwMDAwMDAwfX0="
        }
      ]
    },
    {
      "mode": "managed",
      "type": "google_project_service",
      "name": "api_resourcemanager",
      "provider": "provider[\"registry.terraform.io/hashicorp/google\"]",
      "instances": [
        {
          "schema_version": 0,
          "attributes": {
            "disable_dependent_services": null,
            "disable_on_destroy": false,
            "id": "terraform-project-dev-356418/cloudresourcemanager.googleapis.com",
            "project": "terraform-project-dev-356418",
            "service": "cloudresourcemanager.googleapis.com",
            "timeouts": null
          },
          "sensitive_attributes": [],
          "private": "eyJlMmJmYjczMC1lY2FhLTExZTYtOGY4OC0zNDM2M2JjN2M0YzAiOnsiY3JlYXRlIjoxMjAwMDAwMDAwMDAwLCJkZWxldGUiOjEyMDAwMDAwMDAwMDAsInJlYWQiOjYwMDAwMDAwMDAwMCwidXBkYXRlIjoxMjAwMDAwMDAwMDAwfX0="
        }
      ]
    },
    {
      "mode": "managed",
      "type": "google_project_service",
      "name": "api_sql",
      "provider": "provider[\"registry.terraform.io/hashicorp/google\"]",
      "instances": [
        {
          "schema_version": 0,
          "attributes": {
            "disable_dependent_services": null,
            "disable_on_destroy": false,
            "id": "terraform-project-dev-356418/sqladmin.googleapis.com",
            "project": "terraform-project-dev-356418",
            "service": "sqladmin.googleapis.com",
            "timeouts": null
          },
          "sensitive_attributes": [],
          "private": "eyJlMmJmYjczMC1lY2FhLTExZTYtOGY4OC0zNDM2M2JjN2M0YzAiOnsiY3JlYXRlIjoxMjAwMDAwMDAwMDAwLCJkZWxldGUiOjEyMDAwMDAwMDAwMDAsInJlYWQiOjYwMDAwMDAwMDAwMCwidXBkYXRlIjoxMjAwMDAwMDAwMDAwfX0="
        }
      ]
    },
    {
      "module": "module.gke",
      "mode": "data",
      "type": "google_compute_zones",
      "name": "available",
      "provider": "provider[\"registry.terraform.io/hashicorp/google\"]",
      "instances": [
        {
          "schema_version": 0,
          "attributes": {
            "id": "projects/terraform-project-dev-356418/regions/us-east1",
            "names": [
              "us-east1-b",
              "us-east1-c",
              "us-east1-d"
            ],
            "project": "terraform-project-dev-356418",
            "region": "us-east1",
            "status": null
          },
          "sensitive_attributes": []
        }
      ]
    },
    {
      "module": "module.gke",
      "mode": "data",
      "type": "google_container_engine_versions",
      "name": "region",
      "provider": "provider[\"registry.terraform.io/hashicorp/google\"]",
      "instances": [
        {
          "schema_version": 0,
          "attributes": {
            "default_cluster_version": "1.22.8-gke.202",
            "id": "2022-07-21 18:49:44.2683245 +0000 UTC",
            "latest_master_version": "1.24.2-gke.300",
            "latest_node_version": "1.24.2-gke.300",
            "location": "us-east1-b",
            "project": "terraform-project-dev-356418",
            "release_channel_default_version": {
              "RAPID": "1.23.7-gke.1400",
              "REGULAR": "1.22.8-gke.202",
              "STABLE": "1.21.12-gke.1500"
            },
            "valid_master_versions": [
              "1.24.2-gke.300",
              "1.24.1-gke.1800",
              "1.23.8-gke.400",
              "1.23.7-gke.1400",
              "1.23.6-gke.2200",
              "1.23.6-gke.1700",
              "1.23.6-gke.1501",
              "1.23.6-gke.1500",
              "1.23.5-gke.2400",
              "1.23.5-gke.1503",
              "1.23.5-gke.1501",
              "1.22.11-gke.400",
              "1.22.10-gke.600",
              "1.22.9-gke.2000",
              "1.22.9-gke.1500",
              "1.22.9-gke.1300",
              "1.22.8-gke.2200",
              "1.22.8-gke.202",
              "1.22.8-gke.201",
              "1.22.8-gke.200",
              "1.21.14-gke.700",
              "1.21.13-gke.900",
              "1.21.12-gke.2200",
              "1.21.12-gke.1700",
              "1.21.12-gke.1500",
              "1.21.11-gke.1900",
              "1.21.11-gke.1100",
              "1.20.15-gke.11400",
              "1.20.15-gke.9900",
              "1.20.15-gke.8700"
            ],
            "valid_node_versions": [
              "1.24.2-gke.300",
              "1.24.1-gke.1800",
              "1.24.1-gke.1400",
              "1.23.8-gke.400",
              "1.23.7-gke.1400",
              "1.23.6-gke.2200",
              "1.23.6-gke.1700",
              "1.23.6-gke.1501",
              "1.23.6-gke.1500",
              "1.23.5-gke.2400",
              "1.23.5-gke.1503",
              "1.23.5-gke.1501",
              "1.22.11-gke.400",
              "1.22.10-gke.600",
              "1.22.9-gke.2000",
              "1.22.9-gke.1500",
              "1.22.9-gke.1300",
              "1.22.8-gke.2200",
              "1.22.8-gke.202",
              "1.22.8-gke.201",
              "1.22.8-gke.200",
              "1.22.7-gke.1500",
              "1.22.7-gke.1300",
              "1.22.7-gke.900",
              "1.22.7-gke.300",
              "1.22.6-gke.1000",
              "1.22.6-gke.300",
              "1.22.4-gke.1501",
              "1.22.3-gke.1500",
              "1.21.14-gke.700",
              "1.21.13-gke.900",
              "1.21.12-gke.2200",
              "1.21.12-gke.1700",
              "1.21.12-gke.1500",
              "1.21.11-gke.1900",
              "1.21.11-gke.1100",
              "1.21.11-gke.900",
              "1.21.10-gke.2000",
              "1.21.10-gke.1500",
              "1.21.10-gke.1300",
              "1.21.10-gke.400",
              "1.21.9-gke.1002",
              "1.21.9-gke.1001",
              "1.21.9-gke.1000",
              "1.21.9-gke.300",
              "1.21.6-gke.1503",
              "1.21.6-gke.1501",
              "1.21.6-gke.1500",
              "1.21.5-gke.1805",
              "1.21.5-gke.1802",
              "1.21.5-gke.1302",
              "1.21.5-gke.1300",
              "1.21.4-gke.2302",
              "1.21.4-gke.2300",
              "1.21.3-gke.2003",
              "1.21.3-gke.2001",
              "1.20.15-gke.11400",
              "1.20.15-gke.9900",
              "1.20.15-gke.8700",
              "1.20.15-gke.8200",
              "1.20.15-gke.8000",
              "1.20.15-gke.6000",
              "1.20.15-gke.5200",
              "1.20.15-gke.5000",
              "1.20.15-gke.4100",
              "1.20.15-gke.3600",
              "1.20.15-gke.3400",
              "1.20.15-gke.2500",
              "1.20.15-gke.1000",
              "1.20.15-gke.300",
              "1.20.12-gke.1500",
              "1.20.11-gke.1801",
              "1.20.11-gke.1300",
              "1.20.10-gke.2100",
              "1.20.10-gke.1600",
              "1.20.10-gke.301",
              "1.20.9-gke.2100",
              "1.20.9-gke.1001",
              "1.20.9-gke.1000",
              "1.20.9-gke.701",
              "1.20.9-gke.700",
              "1.20.8-gke.2101",
              "1.20.8-gke.2100",
              "1.20.8-gke.900",
              "1.20.8-gke.700",
              "1.20.7-gke.2200",
              "1.20.7-gke.1800",
              "1.20.6-gke.1400",
              "1.20.6-gke.1000",
              "1.19.16-gke.15700",
              "1.19.16-gke.14500",
              "1.19.16-gke.14000",
              "1.19.16-gke.13800",
              "1.19.16-gke.11800",
              "1.19.16-gke.11000",
              "1.19.16-gke.10800",
              "1.19.16-gke.9900",
              "1.19.16-gke.9400",
              "1.19.16-gke.9200",
              "1.19.16-gke.8300",
              "1.19.16-gke.6800",
              "1.19.16-gke.6100",
              "1.19.16-gke.3600",
              "1.19.15-gke.1801",
              "1.19.15-gke.1300",
              "1.19.15-gke.500",
              "1.19.14-gke.2300",
              "1.19.14-gke.1900",
              "1.19.14-gke.301",
              "1.19.14-gke.300",
              "1.19.13-gke.1900",
              "1.19.13-gke.1200",
              "1.19.13-gke.701",
              "1.19.13-gke.700",
              "1.19.12-gke.2101",
              "1.19.12-gke.2100",
              "1.19.12-gke.1100",
              "1.19.12-gke.900",
              "1.19.12-gke.700",
              "1.19.11-gke.2101",
              "1.19.11-gke.2100",
              "1.19.11-gke.1701",
              "1.19.11-gke.1700",
              "1.19.10-gke.1701",
              "1.19.10-gke.1700",
              "1.19.10-gke.1601",
              "1.19.10-gke.1600",
              "1.19.10-gke.1001",
              "1.19.10-gke.1000",
              "1.19.9-gke.1900",
              "1.19.9-gke.1400",
              "1.19.9-gke.700",
              "1.19.9-gke.100",
              "1.19.8-gke.2000",
              "1.19.8-gke.1600",
              "1.19.8-gke.1000",
              "1.19.7-gke.2503",
              "1.19.7-gke.1500",
              "1.19.7-gke.1302",
              "1.19.7-gke.800",
              "1.19.6-gke.1700",
              "1.19.6-gke.1100",
              "1.19.6-gke.600",
              "1.18.20-gke.6101",
              "1.18.20-gke.6000",
              "1.18.20-gke.4501",
              "1.18.20-gke.4500",
              "1.18.20-gke.4100",
              "1.18.20-gke.3300",
              "1.18.20-gke.3001",
              "1.18.20-gke.3000",
              "1.18.20-gke.2300",
              "1.18.20-gke.901",
              "1.18.20-gke.900",
              "1.18.20-gke.501",
              "1.18.19-gke.2101",
              "1.18.19-gke.2100",
              "1.18.19-gke.1701",
              "1.18.19-gke.1700",
              "1.18.18-gke.1701",
              "1.18.18-gke.1700",
              "1.18.18-gke.1101",
              "1.18.18-gke.1100",
              "1.18.17-gke.1901",
              "1.18.17-gke.1900",
              "1.18.17-gke.1201",
              "1.18.17-gke.1200",
              "1.18.17-gke.700",
              "1.18.17-gke.100",
              "1.18.16-gke.2100",
              "1.18.16-gke.1201",
              "1.18.16-gke.1200",
              "1.18.16-gke.502",
              "1.18.16-gke.500",
              "1.18.16-gke.302",
              "1.18.16-gke.300",
              "1.18.15-gke.2500",
              "1.18.15-gke.1502",
              "1.18.15-gke.1501",
              "1.18.15-gke.1500",
              "1.18.15-gke.1102",
              "1.18.15-gke.1100",
              "1.18.15-gke.800",
              "1.18.14-gke.1600",
              "1.18.14-gke.1200",
              "1.18.12-gke.1210",
              "1.18.12-gke.1206",
              "1.18.12-gke.1205",
              "1.18.12-gke.1201",
              "1.18.12-gke.1200",
              "1.18.12-gke.300",
              "1.18.10-gke.2701",
              "1.18.10-gke.2101",
              "1.18.10-gke.1500",
              "1.18.10-gke.601",
              "1.18.9-gke.2501",
              "1.18.9-gke.1501",
              "1.18.9-gke.801",
              "1.18.6-gke.4801",
              "1.18.6-gke.3504",
              "1.18.6-gke.3503",
              "1.17.17-gke.9100",
              "1.17.17-gke.8500",
              "1.17.17-gke.8200",
              "1.17.17-gke.7800",
              "1.17.17-gke.7200",
              "1.17.17-gke.6700",
              "1.17.17-gke.6000",
              "1.17.17-gke.5400",
              "1.17.17-gke.4900",
              "1.17.17-gke.4400",
              "1.17.17-gke.3700",
              "1.17.17-gke.3000",
              "1.17.17-gke.2800",
              "1.17.17-gke.2500",
              "1.17.17-gke.1500",
              "1.17.17-gke.1101",
              "1.17.17-gke.1100",
              "1.17.17-gke.600",
              "1.17.16-gke.1600",
              "1.17.16-gke.1300",
              "1.17.15-gke.800",
              "1.17.15-gke.300",
              "1.17.14-gke.1600",
              "1.17.14-gke.1200",
              "1.17.14-gke.400",
              "1.17.13-gke.2600",
              "1.17.13-gke.2001",
              "1.17.13-gke.1401",
              "1.17.13-gke.1400",
              "1.17.13-gke.600",
              "1.17.12-gke.2502",
              "1.17.12-gke.1504",
              "1.17.12-gke.1501",
              "1.17.12-gke.500",
              "1.17.9-gke.6300",
              "1.17.9-gke.1504",
              "1.16.15-gke.14800",
              "1.16.15-gke.12500",
              "1.16.15-gke.11800",
              "1.16.15-gke.10600",
              "1.16.15-gke.7801",
              "1.16.15-gke.7800",
              "1.16.15-gke.7300",
              "1.16.15-gke.6900",
              "1.16.15-gke.6000",
              "1.16.15-gke.5500",
              "1.16.15-gke.4901",
              "1.16.15-gke.4301",
              "1.16.15-gke.4300",
              "1.16.15-gke.3500",
              "1.16.15-gke.2601",
              "1.16.15-gke.1600",
              "1.16.15-gke.500",
              "1.16.13-gke.404",
              "1.16.13-gke.403",
              "1.16.13-gke.401",
              "1.16.13-gke.400",
              "1.16.13-gke.1",
              "1.16.11-gke.5",
              "1.16.10-gke.8",
              "1.16.9-gke.6",
              "1.16.9-gke.2",
              "1.16.8-gke.15",
              "1.16.8-gke.12",
              "1.16.8-gke.9",
              "1.15.12-gke.6002",
              "1.15.12-gke.6001",
              "1.15.12-gke.5000",
              "1.15.12-gke.4002",
              "1.15.12-gke.4000",
              "1.15.12-gke.20",
              "1.15.12-gke.17",
              "1.15.12-gke.16",
              "1.15.12-gke.13",
              "1.15.12-gke.9",
              "1.15.12-gke.6",
              "1.15.12-gke.3",
              "1.15.12-gke.2",
              "1.15.11-gke.17",
              "1.15.11-gke.15",
              "1.15.11-gke.13",
              "1.15.11-gke.12",
              "1.15.11-gke.11",
              "1.15.11-gke.9",
              "1.15.11-gke.5",
              "1.15.11-gke.3",
              "1.15.11-gke.1",
              "1.15.9-gke.26",
              "1.15.9-gke.24",
              "1.15.9-gke.22",
              "1.15.9-gke.12",
              "1.15.9-gke.9",
              "1.15.9-gke.8",
              "1.15.8-gke.3",
              "1.15.8-gke.2",
              "1.15.7-gke.23",
              "1.15.7-gke.2",
              "1.15.4-gke.22",
              "1.14.10-gke.1504",
              "1.14.10-gke.902",
              "1.14.10-gke.50",
              "1.14.10-gke.46",
              "1.14.10-gke.45",
              "1.14.10-gke.42",
              "1.14.10-gke.41",
              "1.14.10-gke.40",
              "1.14.10-gke.37",
              "1.14.10-gke.36",
              "1.14.10-gke.34",
              "1.14.10-gke.32",
              "1.14.10-gke.31",
              "1.14.10-gke.27",
              "1.14.10-gke.24",
              "1.14.10-gke.22",
              "1.14.10-gke.21",
              "1.14.10-gke.17",
              "1.14.10-gke.0",
              "1.14.9-gke.23",
              "1.14.9-gke.2",
              "1.14.9-gke.0",
              "1.14.8-gke.33",
              "1.14.8-gke.21",
              "1.14.8-gke.18",
              "1.14.8-gke.17",
              "1.14.8-gke.14",
              "1.14.8-gke.12",
              "1.14.8-gke.7",
              "1.14.8-gke.2",
              "1.14.7-gke.40",
              "1.14.7-gke.25",
              "1.14.7-gke.23",
              "1.14.7-gke.17",
              "1.14.7-gke.14",
              "1.14.7-gke.10",
              "1.14.6-gke.13",
              "1.14.6-gke.2",
              "1.14.6-gke.1",
              "1.14.3-gke.11",
              "1.14.3-gke.10",
              "1.14.3-gke.9",
              "1.14.2-gke.9",
              "1.14.1-gke.5",
              "1.13.12-gke.30",
              "1.13.12-gke.25",
              "1.13.12-gke.17",
              "1.13.12-gke.16",
              "1.13.12-gke.14",
              "1.13.12-gke.13",
              "1.13.12-gke.10",
              "1.13.12-gke.8",
              "1.13.12-gke.4",
              "1.13.12-gke.2",
              "1.13.11-gke.23",
              "1.13.11-gke.15",
              "1.13.11-gke.14",
              "1.13.11-gke.12",
              "1.13.11-gke.11",
              "1.13.11-gke.9",
              "1.13.11-gke.5",
              "1.13.10-gke.7",
              "1.13.10-gke.0",
              "1.13.9-gke.11",
              "1.13.9-gke.3",
              "1.13.7-gke.24",
              "1.13.7-gke.19",
              "1.13.7-gke.15",
              "1.13.7-gke.8",
              "1.13.7-gke.0",
              "1.13.6-gke.13",
              "1.13.6-gke.6",
              "1.13.6-gke.5",
              "1.13.6-gke.0",
              "1.13.5-gke.10",
              "1.12.10-gke.22",
              "1.12.10-gke.20",
              "1.12.10-gke.19",
              "1.12.10-gke.18",
              "1.12.10-gke.17",
              "1.12.10-gke.15",
              "1.12.10-gke.13",
              "1.12.10-gke.11",
              "1.12.10-gke.5",
              "1.12.9-gke.16",
              "1.12.9-gke.15",
              "1.12.9-gke.13",
              "1.12.9-gke.10",
              "1.12.9-gke.7",
              "1.12.9-gke.3",
              "1.12.8-gke.12",
              "1.12.8-gke.10",
              "1.12.8-gke.7",
              "1.12.8-gke.6",
              "1.12.7-gke.26",
              "1.12.7-gke.25",
              "1.12.7-gke.24",
              "1.12.7-gke.22",
              "1.12.7-gke.21",
              "1.12.7-gke.17",
              "1.12.7-gke.10",
              "1.12.7-gke.7",
              "1.12.6-gke.11",
              "1.12.6-gke.10",
              "1.12.6-gke.7",
              "1.12.5-gke.10",
              "1.12.5-gke.5",
              "1.11.10-gke.6",
              "1.11.10-gke.5"
            ],
            "version_prefix": null
          },
          "sensitive_attributes": []
        }
      ]
    },
    {
      "module": "module.gke",
      "mode": "data",
      "type": "google_container_engine_versions",
      "name": "zone",
      "provider": "provider[\"registry.terraform.io/hashicorp/google\"]",
      "instances": [
        {
          "schema_version": 0,
          "attributes": {
            "default_cluster_version": "1.22.8-gke.202",
            "id": "2022-07-21 18:49:44.493617 +0000 UTC",
            "latest_master_version": "1.24.2-gke.300",
            "latest_node_version": "1.24.2-gke.300",
            "location": "us-east1-b",
            "project": "terraform-project-dev-356418",
            "release_channel_default_version": {
              "RAPID": "1.23.7-gke.1400",
              "REGULAR": "1.22.8-gke.202",
              "STABLE": "1.21.12-gke.1500"
            },
            "valid_master_versions": [
              "1.24.2-gke.300",
              "1.24.1-gke.1800",
              "1.23.8-gke.400",
              "1.23.7-gke.1400",
              "1.23.6-gke.2200",
              "1.23.6-gke.1700",
              "1.23.6-gke.1501",
              "1.23.6-gke.1500",
              "1.23.5-gke.2400",
              "1.23.5-gke.1503",
              "1.23.5-gke.1501",
              "1.22.11-gke.400",
              "1.22.10-gke.600",
              "1.22.9-gke.2000",
              "1.22.9-gke.1500",
              "1.22.9-gke.1300",
              "1.22.8-gke.2200",
              "1.22.8-gke.202",
              "1.22.8-gke.201",
              "1.22.8-gke.200",
              "1.21.14-gke.700",
              "1.21.13-gke.900",
              "1.21.12-gke.2200",
              "1.21.12-gke.1700",
              "1.21.12-gke.1500",
              "1.21.11-gke.1900",
              "1.21.11-gke.1100",
              "1.20.15-gke.11400",
              "1.20.15-gke.9900",
              "1.20.15-gke.8700"
            ],
            "valid_node_versions": [
              "1.24.2-gke.300",
              "1.24.1-gke.1800",
              "1.24.1-gke.1400",
              "1.23.8-gke.400",
              "1.23.7-gke.1400",
              "1.23.6-gke.2200",
              "1.23.6-gke.1700",
              "1.23.6-gke.1501",
              "1.23.6-gke.1500",
              "1.23.5-gke.2400",
              "1.23.5-gke.1503",
              "1.23.5-gke.1501",
              "1.22.11-gke.400",
              "1.22.10-gke.600",
              "1.22.9-gke.2000",
              "1.22.9-gke.1500",
              "1.22.9-gke.1300",
              "1.22.8-gke.2200",
              "1.22.8-gke.202",
              "1.22.8-gke.201",
              "1.22.8-gke.200",
              "1.22.7-gke.1500",
              "1.22.7-gke.1300",
              "1.22.7-gke.900",
              "1.22.7-gke.300",
              "1.22.6-gke.1000",
              "1.22.6-gke.300",
              "1.22.4-gke.1501",
              "1.22.3-gke.1500",
              "1.21.14-gke.700",
              "1.21.13-gke.900",
              "1.21.12-gke.2200",
              "1.21.12-gke.1700",
              "1.21.12-gke.1500",
              "1.21.11-gke.1900",
              "1.21.11-gke.1100",
              "1.21.11-gke.900",
              "1.21.10-gke.2000",
              "1.21.10-gke.1500",
              "1.21.10-gke.1300",
              "1.21.10-gke.400",
              "1.21.9-gke.1002",
              "1.21.9-gke.1001",
              "1.21.9-gke.1000",
              "1.21.9-gke.300",
              "1.21.6-gke.1503",
              "1.21.6-gke.1501",
              "1.21.6-gke.1500",
              "1.21.5-gke.1805",
              "1.21.5-gke.1802",
              "1.21.5-gke.1302",
              "1.21.5-gke.1300",
              "1.21.4-gke.2302",
              "1.21.4-gke.2300",
              "1.21.3-gke.2003",
              "1.21.3-gke.2001",
              "1.20.15-gke.11400",
              "1.20.15-gke.9900",
              "1.20.15-gke.8700",
              "1.20.15-gke.8200",
              "1.20.15-gke.8000",
              "1.20.15-gke.6000",
              "1.20.15-gke.5200",
              "1.20.15-gke.5000",
              "1.20.15-gke.4100",
              "1.20.15-gke.3600",
              "1.20.15-gke.3400",
              "1.20.15-gke.2500",
              "1.20.15-gke.1000",
              "1.20.15-gke.300",
              "1.20.12-gke.1500",
              "1.20.11-gke.1801",
              "1.20.11-gke.1300",
              "1.20.10-gke.2100",
              "1.20.10-gke.1600",
              "1.20.10-gke.301",
              "1.20.9-gke.2100",
              "1.20.9-gke.1001",
              "1.20.9-gke.1000",
              "1.20.9-gke.701",
              "1.20.9-gke.700",
              "1.20.8-gke.2101",
              "1.20.8-gke.2100",
              "1.20.8-gke.900",
              "1.20.8-gke.700",
              "1.20.7-gke.2200",
              "1.20.7-gke.1800",
              "1.20.6-gke.1400",
              "1.20.6-gke.1000",
              "1.19.16-gke.15700",
              "1.19.16-gke.14500",
              "1.19.16-gke.14000",
              "1.19.16-gke.13800",
              "1.19.16-gke.11800",
              "1.19.16-gke.11000",
              "1.19.16-gke.10800",
              "1.19.16-gke.9900",
              "1.19.16-gke.9400",
              "1.19.16-gke.9200",
              "1.19.16-gke.8300",
              "1.19.16-gke.6800",
              "1.19.16-gke.6100",
              "1.19.16-gke.3600",
              "1.19.15-gke.1801",
              "1.19.15-gke.1300",
              "1.19.15-gke.500",
              "1.19.14-gke.2300",
              "1.19.14-gke.1900",
              "1.19.14-gke.301",
              "1.19.14-gke.300",
              "1.19.13-gke.1900",
              "1.19.13-gke.1200",
              "1.19.13-gke.701",
              "1.19.13-gke.700",
              "1.19.12-gke.2101",
              "1.19.12-gke.2100",
              "1.19.12-gke.1100",
              "1.19.12-gke.900",
              "1.19.12-gke.700",
              "1.19.11-gke.2101",
              "1.19.11-gke.2100",
              "1.19.11-gke.1701",
              "1.19.11-gke.1700",
              "1.19.10-gke.1701",
              "1.19.10-gke.1700",
              "1.19.10-gke.1601",
              "1.19.10-gke.1600",
              "1.19.10-gke.1001",
              "1.19.10-gke.1000",
              "1.19.9-gke.1900",
              "1.19.9-gke.1400",
              "1.19.9-gke.700",
              "1.19.9-gke.100",
              "1.19.8-gke.2000",
              "1.19.8-gke.1600",
              "1.19.8-gke.1000",
              "1.19.7-gke.2503",
              "1.19.7-gke.1500",
              "1.19.7-gke.1302",
              "1.19.7-gke.800",
              "1.19.6-gke.1700",
              "1.19.6-gke.1100",
              "1.19.6-gke.600",
              "1.18.20-gke.6101",
              "1.18.20-gke.6000",
              "1.18.20-gke.4501",
              "1.18.20-gke.4500",
              "1.18.20-gke.4100",
              "1.18.20-gke.3300",
              "1.18.20-gke.3001",
              "1.18.20-gke.3000",
              "1.18.20-gke.2300",
              "1.18.20-gke.901",
              "1.18.20-gke.900",
              "1.18.20-gke.501",
              "1.18.19-gke.2101",
              "1.18.19-gke.2100",
              "1.18.19-gke.1701",
              "1.18.19-gke.1700",
              "1.18.18-gke.1701",
              "1.18.18-gke.1700",
              "1.18.18-gke.1101",
              "1.18.18-gke.1100",
              "1.18.17-gke.1901",
              "1.18.17-gke.1900",
              "1.18.17-gke.1201",
              "1.18.17-gke.1200",
              "1.18.17-gke.700",
              "1.18.17-gke.100",
              "1.18.16-gke.2100",
              "1.18.16-gke.1201",
              "1.18.16-gke.1200",
              "1.18.16-gke.502",
              "1.18.16-gke.500",
              "1.18.16-gke.302",
              "1.18.16-gke.300",
              "1.18.15-gke.2500",
              "1.18.15-gke.1502",
              "1.18.15-gke.1501",
              "1.18.15-gke.1500",
              "1.18.15-gke.1102",
              "1.18.15-gke.1100",
              "1.18.15-gke.800",
              "1.18.14-gke.1600",
              "1.18.14-gke.1200",
              "1.18.12-gke.1210",
              "1.18.12-gke.1206",
              "1.18.12-gke.1205",
              "1.18.12-gke.1201",
              "1.18.12-gke.1200",
              "1.18.12-gke.300",
              "1.18.10-gke.2701",
              "1.18.10-gke.2101",
              "1.18.10-gke.1500",
              "1.18.10-gke.601",
              "1.18.9-gke.2501",
              "1.18.9-gke.1501",
              "1.18.9-gke.801",
              "1.18.6-gke.4801",
              "1.18.6-gke.3504",
              "1.18.6-gke.3503",
              "1.17.17-gke.9100",
              "1.17.17-gke.8500",
              "1.17.17-gke.8200",
              "1.17.17-gke.7800",
              "1.17.17-gke.7200",
              "1.17.17-gke.6700",
              "1.17.17-gke.6000",
              "1.17.17-gke.5400",
              "1.17.17-gke.4900",
              "1.17.17-gke.4400",
              "1.17.17-gke.3700",
              "1.17.17-gke.3000",
              "1.17.17-gke.2800",
              "1.17.17-gke.2500",
              "1.17.17-gke.1500",
              "1.17.17-gke.1101",
              "1.17.17-gke.1100",
              "1.17.17-gke.600",
              "1.17.16-gke.1600",
              "1.17.16-gke.1300",
              "1.17.15-gke.800",
              "1.17.15-gke.300",
              "1.17.14-gke.1600",
              "1.17.14-gke.1200",
              "1.17.14-gke.400",
              "1.17.13-gke.2600",
              "1.17.13-gke.2001",
              "1.17.13-gke.1401",
              "1.17.13-gke.1400",
              "1.17.13-gke.600",
              "1.17.12-gke.2502",
              "1.17.12-gke.1504",
              "1.17.12-gke.1501",
              "1.17.12-gke.500",
              "1.17.9-gke.6300",
              "1.17.9-gke.1504",
              "1.16.15-gke.14800",
              "1.16.15-gke.12500",
              "1.16.15-gke.11800",
              "1.16.15-gke.10600",
              "1.16.15-gke.7801",
              "1.16.15-gke.7800",
              "1.16.15-gke.7300",
              "1.16.15-gke.6900",
              "1.16.15-gke.6000",
              "1.16.15-gke.5500",
              "1.16.15-gke.4901",
              "1.16.15-gke.4301",
              "1.16.15-gke.4300",
              "1.16.15-gke.3500",
              "1.16.15-gke.2601",
              "1.16.15-gke.1600",
              "1.16.15-gke.500",
              "1.16.13-gke.404",
              "1.16.13-gke.403",
              "1.16.13-gke.401",
              "1.16.13-gke.400",
              "1.16.13-gke.1",
              "1.16.11-gke.5",
              "1.16.10-gke.8",
              "1.16.9-gke.6",
              "1.16.9-gke.2",
              "1.16.8-gke.15",
              "1.16.8-gke.12",
              "1.16.8-gke.9",
              "1.15.12-gke.6002",
              "1.15.12-gke.6001",
              "1.15.12-gke.5000",
              "1.15.12-gke.4002",
              "1.15.12-gke.4000",
              "1.15.12-gke.20",
              "1.15.12-gke.17",
              "1.15.12-gke.16",
              "1.15.12-gke.13",
              "1.15.12-gke.9",
              "1.15.12-gke.6",
              "1.15.12-gke.3",
              "1.15.12-gke.2",
              "1.15.11-gke.17",
              "1.15.11-gke.15",
              "1.15.11-gke.13",
              "1.15.11-gke.12",
              "1.15.11-gke.11",
              "1.15.11-gke.9",
              "1.15.11-gke.5",
              "1.15.11-gke.3",
              "1.15.11-gke.1",
              "1.15.9-gke.26",
              "1.15.9-gke.24",
              "1.15.9-gke.22",
              "1.15.9-gke.12",
              "1.15.9-gke.9",
              "1.15.9-gke.8",
              "1.15.8-gke.3",
              "1.15.8-gke.2",
              "1.15.7-gke.23",
              "1.15.7-gke.2",
              "1.15.4-gke.22",
              "1.14.10-gke.1504",
              "1.14.10-gke.902",
              "1.14.10-gke.50",
              "1.14.10-gke.46",
              "1.14.10-gke.45",
              "1.14.10-gke.42",
              "1.14.10-gke.41",
              "1.14.10-gke.40",
              "1.14.10-gke.37",
              "1.14.10-gke.36",
              "1.14.10-gke.34",
              "1.14.10-gke.32",
              "1.14.10-gke.31",
              "1.14.10-gke.27",
              "1.14.10-gke.24",
              "1.14.10-gke.22",
              "1.14.10-gke.21",
              "1.14.10-gke.17",
              "1.14.10-gke.0",
              "1.14.9-gke.23",
              "1.14.9-gke.2",
              "1.14.9-gke.0",
              "1.14.8-gke.33",
              "1.14.8-gke.21",
              "1.14.8-gke.18",
              "1.14.8-gke.17",
              "1.14.8-gke.14",
              "1.14.8-gke.12",
              "1.14.8-gke.7",
              "1.14.8-gke.2",
              "1.14.7-gke.40",
              "1.14.7-gke.25",
              "1.14.7-gke.23",
              "1.14.7-gke.17",
              "1.14.7-gke.14",
              "1.14.7-gke.10",
              "1.14.6-gke.13",
              "1.14.6-gke.2",
              "1.14.6-gke.1",
              "1.14.3-gke.11",
              "1.14.3-gke.10",
              "1.14.3-gke.9",
              "1.14.2-gke.9",
              "1.14.1-gke.5",
              "1.13.12-gke.30",
              "1.13.12-gke.25",
              "1.13.12-gke.17",
              "1.13.12-gke.16",
              "1.13.12-gke.14",
              "1.13.12-gke.13",
              "1.13.12-gke.10",
              "1.13.12-gke.8",
              "1.13.12-gke.4",
              "1.13.12-gke.2",
              "1.13.11-gke.23",
              "1.13.11-gke.15",
              "1.13.11-gke.14",
              "1.13.11-gke.12",
              "1.13.11-gke.11",
              "1.13.11-gke.9",
              "1.13.11-gke.5",
              "1.13.10-gke.7",
              "1.13.10-gke.0",
              "1.13.9-gke.11",
              "1.13.9-gke.3",
              "1.13.7-gke.24",
              "1.13.7-gke.19",
              "1.13.7-gke.15",
              "1.13.7-gke.8",
              "1.13.7-gke.0",
              "1.13.6-gke.13",
              "1.13.6-gke.6",
              "1.13.6-gke.5",
              "1.13.6-gke.0",
              "1.13.5-gke.10",
              "1.12.10-gke.22",
              "1.12.10-gke.20",
              "1.12.10-gke.19",
              "1.12.10-gke.18",
              "1.12.10-gke.17",
              "1.12.10-gke.15",
              "1.12.10-gke.13",
              "1.12.10-gke.11",
              "1.12.10-gke.5",
              "1.12.9-gke.16",
              "1.12.9-gke.15",
              "1.12.9-gke.13",
              "1.12.9-gke.10",
              "1.12.9-gke.7",
              "1.12.9-gke.3",
              "1.12.8-gke.12",
              "1.12.8-gke.10",
              "1.12.8-gke.7",
              "1.12.8-gke.6",
              "1.12.7-gke.26",
              "1.12.7-gke.25",
              "1.12.7-gke.24",
              "1.12.7-gke.22",
              "1.12.7-gke.21",
              "1.12.7-gke.17",
              "1.12.7-gke.10",
              "1.12.7-gke.7",
              "1.12.6-gke.11",
              "1.12.6-gke.10",
              "1.12.6-gke.7",
              "1.12.5-gke.10",
              "1.12.5-gke.5",
              "1.11.10-gke.6",
              "1.11.10-gke.5"
            ],
            "version_prefix": null
          },
          "sensitive_attributes": []
        }
      ]
    },
    {
      "module": "module.gke",
      "mode": "managed",
      "type": "google_container_cluster",
      "name": "primary",
      "provider": "provider[\"registry.terraform.io/hashicorp/google\"]",
      "instances": [
        {
          "schema_version": 1,
          "attributes": {
            "addons_config": [
              {
                "cloudrun_config": [],
                "gcp_filestore_csi_driver_config": [
                  {
                    "enabled": false
                  }
                ],
                "horizontal_pod_autoscaling": [
                  {
                    "disabled": false
                  }
                ],
                "http_load_balancing": [
                  {
                    "disabled": false
                  }
                ],
                "network_policy_config": [
                  {
                    "disabled": false
                  }
                ]
              }
            ],
            "authenticator_groups_config": [],
            "cluster_autoscaling": [
              {
                "auto_provisioning_defaults": [],
                "enabled": false,
                "resource_limits": []
              }
            ],
            "cluster_ipv4_cidr": "10.0.1.0/24",
            "confidential_nodes": [],
            "database_encryption": [
              {
                "key_name": "",
                "state": "DECRYPTED"
              }
            ],
            "datapath_provider": "",
            "default_max_pods_per_node": 110,
            "default_snat_status": [
              {
                "disabled": false
              }
            ],
            "description": "",
            "dns_config": [],
            "enable_autopilot": false,
            "enable_binary_authorization": false,
            "enable_intranode_visibility": false,
            "enable_kubernetes_alpha": false,
            "enable_legacy_abac": false,
            "enable_shielded_nodes": true,
            "enable_tpu": false,
            "endpoint": "35.243.162.189",
            "id": "projects/terraform-project-dev-356418/locations/us-east1-b/clusters/cluster-gke-dev",
            "initial_node_count": 0,
            "ip_allocation_policy": [
              {
                "cluster_ipv4_cidr_block": "10.0.1.0/24",
                "cluster_secondary_range_name": "subnet-dev-k8s",
                "services_ipv4_cidr_block": "10.0.2.0/24",
                "services_secondary_range_name": "subnet-dev-services"
              }
            ],
            "label_fingerprint": "a9dc16a7",
            "location": "us-east1-b",
            "logging_config": [
              {
                "enable_components": [
                  "SYSTEM_COMPONENTS",
                  "WORKLOADS"
                ]
              }
            ],
            "logging_service": "logging.googleapis.com/kubernetes",
            "maintenance_policy": [
              {
                "daily_maintenance_window": [
                  {
                    "duration": "PT4H0M0S",
                    "start_time": "03:00"
                  }
                ],
                "maintenance_exclusion": [],
                "recurring_window": []
              }
            ],
            "master_auth": [
              {
                "client_certificate": "",
                "client_certificate_config": [
                  {
                    "issue_client_certificate": false
                  }
                ],
                "client_key": "",
                "cluster_ca_certificate": "LS0tLS1CRUdJTiBDRVJUSUZJQ0FURS0tLS0tCk1JSUVMVENDQXBXZ0F3SUJBZ0lSQU9zU01ySXcxcHB0Z2I2a2taNExTWG93RFFZSktvWklodmNOQVFFTEJRQXcKTHpFdE1Dc0dBMVVFQXhNa1lUaGtZbVJpWVRndE56TTFOQzAwWVdSbUxUbGtNV1F0WWpZd1l6Y3dNalpsT1RaaQpNQ0FYRFRJeU1EY3lNVEUzTkRrME5Wb1lEekl3TlRJd056RXpNVGcwT1RRMVdqQXZNUzB3S3dZRFZRUURFeVJoCk9HUmlaR0poT0MwM016VTBMVFJoWkdZdE9XUXhaQzFpTmpCak56QXlObVU1Tm1Jd2dnR2lNQTBHQ1NxR1NJYjMKRFFFQkFRVUFBNElCandBd2dnR0tBb0lCZ1FDMWptSFlpdDJSQWxqRStyemFqcGFZWEx2NngzQnh2MS9ucmZrUwpIVyt2dDZTRUoxN0NhbFZFK2gzSWVrWEtQUTI5NVJFN0U5cVJ2c0hxMG1RRTY5WkNhWEdJRmM3RW5qOWVZRUlJClR4MFRxQnpnQWVCV2MwUGZMOXBrM2FaajF2MnNmYXJhU25oSWtCYi91NlBRZHpBeUZGdnl2UmtnaXdUUUwvNnAKaEhsL3RWeFpMVklWT1RobDcwRlJJVWhqMlR0QXhid1kwOVliTUE2Y0V6SXFRd0xUV3l3RkVYelFTM1RtZnRZQwoyUnh0d3U2TDFVc285RmpQNzNBRDlWN1o3R0JtZGRlUTEyVHFwT0pPeUUvMmtJT0hCdE9jS0hWaTVXLzZiNGVFClVvSnJSVWM0TUtxSFV0UFk5WjFUWjZRb0RvdUkzRE9oL1BaMlROeFNIUE54OFlUMzh0anJBemNaVnViMEtMMUsKY3NTTjVIQXFZNS9VUUNQTkJPZ1dIb0hkaVdpSitWb2VETHJ6eGFuZ2g4REVVTGVIbWpvSk5YZEt2V0pha2VzcAorc0w3OUVISUNGYmhrZmtodUZsQ0gxeEIzNm1FZ1BYdXBUMks3MGJjSDNmeHlKMXdZQmtvOHBBU1J3SENKeTlICmhJQjlGSnN5T3NxSFcyVTkzcjJvdVU3Qzc2TUNBd0VBQWFOQ01FQXdEZ1lEVlIwUEFRSC9CQVFEQWdJRU1BOEcKQTFVZEV3RUIvd1FGTUFNQkFmOHdIUVlEVlIwT0JCWUVGTjZTOXAzTk9FcFk3MklkS0FoUDFxakVjZzNGTUEwRwpDU3FHU0liM0RRRUJDd1VBQTRJQmdRQTVTeVAvS0J5RFAvZWxSNjRrSEFPQTkvQnhqWHRSTUZXRlV0YUlYdVM1ClpwaTllRVVFS2JkVm1XVGxQWmZNd0E2T24wMWJFNFY3Uy80akdzMEY5eTRxU1lodFZPZFV0VWFiUVd3dnhzN0QKNUIvRFMwV1h1bVVVNXMwNXJVQ0c5ZklFcXJhUm1rWERGT0RobWNzZnRtejIxUFoxdnpLelUzbVNrc2FPQUMzMwovU3ZiTmk3cllDd0JSc1o1RHNMMEROc0lrV2RodzcvcHh4M2dtQlU0SU0vQkhZMHAzZDRmTlRjeVpNTzNqeVFpCkpLaS9KZVZEeko4ZHpDd1c4VU5wbXdtbFcwcEkwSE1KZ2w0UnB3czFsR1lpOS82eCtKV2NmV0xDZlJSVEdOYWsKVnZpbERwcWhvTFFNSGtQYlhyWFZwWE1TWDc5aU1UUXFUZG9vOXlqcTZmUHNVNjhaMEN6NDZ0WDdZaHFvVW41TQpVUjk4eHhScUN6SERKWXVhZFhhQTFNSkhSMWF4Nk9lSEFGR0d0cGF5WFY4bVc4alRNc0w1V2t4ZTBhWk9uK25KClFCTWZzZlZuMUQzSFZmUkI5bS9Ba2xGUm1qY0M1N2NMM1FrTHAvaTBkNncvOE43U1duNGZpY2ZyeFZoQ3picVUKaDVrN0dVUDF3WVhkTDVFaUN3eXJsUzA9Ci0tLS0tRU5EIENFUlRJRklDQVRFLS0tLS0K"
              }
            ],
            "master_authorized_networks_config": [],
            "master_version": "1.21.12-gke.1500",
            "min_master_version": null,
            "monitoring_config": [
              {
                "enable_components": [
                  "SYSTEM_COMPONENTS"
                ]
              }
            ],
            "monitoring_service": "monitoring.googleapis.com/kubernetes",
            "name": "cluster-gke-dev",
            "network": "projects/terraform-project-dev-356418/global/networks/vpc-dev",
            "network_policy": [
              {
                "enabled": true,
                "provider": "CALICO"
              }
            ],
            "networking_mode": "VPC_NATIVE",
            "node_config": [
              {
                "boot_disk_kms_key": "",
                "disk_size_gb": 100,
                "disk_type": "pd-standard",
                "gcfs_config": [],
                "guest_accelerator": [],
                "gvnic": [],
                "image_type": "COS_CONTAINERD",
                "labels": {},
                "local_ssd_count": 0,
                "machine_type": "e2-medium",
                "metadata": {
                  "disable-legacy-endpoints": "true"
                },
                "min_cpu_platform": "",
                "node_group": "",
                "oauth_scopes": [
                  "https://www.googleapis.com/auth/logging.write",
                  "https://www.googleapis.com/auth/monitoring"
                ],
                "preemptible": false,
                "service_account": "default",
                "shielded_instance_config": [
                  {
                    "enable_integrity_monitoring": true,
                    "enable_secure_boot": false
                  }
                ],
                "tags": [
                  "cluster-gke-dev",
                  "cluster-gke-dev-default-pool"
                ],
                "taint": [],
                "workload_metadata_config": [
                  {
                    "mode": "GKE_METADATA"
                  }
                ]
              }
            ],
            "node_locations": [
              "us-east1-c",
              "us-east1-d"
            ],
            "node_pool": [
              {
                "autoscaling": [],
                "initial_node_count": 0,
                "instance_group_urls": [
                  "https://www.googleapis.com/compute/v1/projects/terraform-project-dev-356418/zones/us-east1-b/instanceGroupManagers/gke-cluster-gke-dev-default-pool-e4cc5fd9-grp",
                  "https://www.googleapis.com/compute/v1/projects/terraform-project-dev-356418/zones/us-east1-c/instanceGroupManagers/gke-cluster-gke-dev-default-pool-3d929e5d-grp",
                  "https://www.googleapis.com/compute/v1/projects/terraform-project-dev-356418/zones/us-east1-d/instanceGroupManagers/gke-cluster-gke-dev-default-pool-b94d1e86-grp"
                ],
                "managed_instance_group_urls": [
                  "https://www.googleapis.com/compute/v1/projects/terraform-project-dev-356418/zones/us-east1-b/instanceGroups/gke-cluster-gke-dev-default-pool-e4cc5fd9-grp",
                  "https://www.googleapis.com/compute/v1/projects/terraform-project-dev-356418/zones/us-east1-c/instanceGroups/gke-cluster-gke-dev-default-pool-3d929e5d-grp",
                  "https://www.googleapis.com/compute/v1/projects/terraform-project-dev-356418/zones/us-east1-d/instanceGroups/gke-cluster-gke-dev-default-pool-b94d1e86-grp"
                ],
                "management": [
                  {
                    "auto_repair": true,
                    "auto_upgrade": true
                  }
                ],
                "max_pods_per_node": 110,
                "name": "default-pool",
                "name_prefix": "",
                "node_config": [
                  {
                    "boot_disk_kms_key": "",
                    "disk_size_gb": 100,
                    "disk_type": "pd-standard",
                    "gcfs_config": [],
                    "guest_accelerator": [],
                    "gvnic": [],
                    "image_type": "COS_CONTAINERD",
                    "labels": {},
                    "local_ssd_count": 0,
                    "machine_type": "e2-medium",
                    "metadata": {
                      "disable-legacy-endpoints": "true"
                    },
                    "min_cpu_platform": "",
                    "node_group": "",
                    "oauth_scopes": [
                      "https://www.googleapis.com/auth/logging.write",
                      "https://www.googleapis.com/auth/monitoring"
                    ],
                    "preemptible": false,
                    "service_account": "default",
                    "shielded_instance_config": [
                      {
                        "enable_integrity_monitoring": true,
                        "enable_secure_boot": false
                      }
                    ],
                    "tags": [
                      "cluster-gke-dev",
                      "cluster-gke-dev-default-pool"
                    ],
                    "taint": [],
                    "workload_metadata_config": [
                      {
                        "mode": "GKE_METADATA"
                      }
                    ]
                  }
                ],
                "node_count": 0,
                "node_locations": [
                  "us-east1-b",
                  "us-east1-c",
                  "us-east1-d"
                ],
                "upgrade_settings": [
                  {
                    "max_surge": 1,
                    "max_unavailable": 0
                  }
                ],
                "version": "1.21.12-gke.1500"
              }
            ],
            "node_version": "1.21.12-gke.1500",
            "operation": null,
            "private_cluster_config": [
              {
                "enable_private_endpoint": false,
                "enable_private_nodes": true,
                "master_global_access_config": [
                  {
                    "enabled": false
                  }
                ],
                "master_ipv4_cidr_block": "10.0.5.0/28",
                "peering_name": "gke-n8e3f93aeba3d92481d1-8756-c48f-peer",
                "private_endpoint": "10.0.5.2",
                "public_endpoint": "35.243.162.189"
              }
            ],
            "private_ipv6_google_access": "",
            "project": "terraform-project-dev-356418",
            "release_channel": [
              {
                "channel": "STABLE"
              }
            ],
            "remove_default_node_pool": false,
            "resource_labels": null,
            "resource_usage_export_config": [],
            "self_link": "https://container.googleapis.com/v1/projects/terraform-project-dev-356418/zones/us-east1-b/clusters/cluster-gke-dev",
            "services_ipv4_cidr": "10.0.2.0/24",
            "subnetwork": "projects/terraform-project-dev-356418/regions/us-east1/subnetworks/subnet-dev",
            "timeouts": {
              "create": "45m",
              "delete": "45m",
              "read": null,
              "update": "45m"
            },
            "tpu_ipv4_cidr_block": "",
            "vertical_pod_autoscaling": [
              {
                "enabled": false
              }
            ],
            "workload_identity_config": [
              {
                "workload_pool": "terraform-project-dev-356418.svc.id.goog"
              }
            ]
          },
          "sensitive_attributes": [],
          "private": "eyJlMmJmYjczMC1lY2FhLTExZTYtOGY4OC0zNDM2M2JjN2M0YzAiOnsiY3JlYXRlIjoyNzAwMDAwMDAwMDAwLCJkZWxldGUiOjI3MDAwMDAwMDAwMDAsInJlYWQiOjI0MDAwMDAwMDAwMDAsInVwZGF0ZSI6MjcwMDAwMDAwMDAwMH0sInNjaGVtYV92ZXJzaW9uIjoiMSJ9",
          "dependencies": [
            "google_project_service.api_compute",
            "google_project_service.api_network",
            "google_project_service.api_resourcemanager",
            "module.gke.data.google_compute_zones.available",
            "module.gke.data.google_container_engine_versions.region",
            "module.gke.data.google_container_engine_versions.zone",
            "module.gke.google_service_account.cluster_service_account",
            "module.gke.random_shuffle.available_zones",
            "module.subnets.google_compute_subnetwork.subnetwork",
            "module.vpc.google_compute_global_address.private_ip_address_postegre",
            "module.vpc.google_compute_network.network",
            "module.vpc.google_service_networking_connection.private_vpc_connection"
          ]
        }
      ]
    },
    {
      "module": "module.gke",
      "mode": "managed",
      "type": "google_container_node_pool",
      "name": "pools",
      "provider": "provider[\"registry.terraform.io/hashicorp/google\"]",
      "instances": [
        {
          "index_key": "pool-dev",
          "schema_version": 1,
          "attributes": {
            "autoscaling": [
              {
                "max_node_count": 10,
                "min_node_count": 1
              }
            ],
            "cluster": "cluster-gke-dev",
            "id": "projects/terraform-project-dev-356418/locations/us-east1-b/clusters/cluster-gke-dev/nodePools/pool-dev",
            "initial_node_count": 1,
            "instance_group_urls": [
              "https://www.googleapis.com/compute/v1/projects/terraform-project-dev-356418/zones/us-east1-b/instanceGroupManagers/gke-cluster-gke-dev-pool-dev-b474a01b-grp",
              "https://www.googleapis.com/compute/v1/projects/terraform-project-dev-356418/zones/us-east1-c/instanceGroupManagers/gke-cluster-gke-dev-pool-dev-385dac28-grp",
              "https://www.googleapis.com/compute/v1/projects/terraform-project-dev-356418/zones/us-east1-d/instanceGroupManagers/gke-cluster-gke-dev-pool-dev-78dd35f1-grp"
            ],
            "location": "us-east1-b",
            "managed_instance_group_urls": [
              "https://www.googleapis.com/compute/v1/projects/terraform-project-dev-356418/zones/us-east1-b/instanceGroups/gke-cluster-gke-dev-pool-dev-b474a01b-grp",
              "https://www.googleapis.com/compute/v1/projects/terraform-project-dev-356418/zones/us-east1-c/instanceGroups/gke-cluster-gke-dev-pool-dev-385dac28-grp",
              "https://www.googleapis.com/compute/v1/projects/terraform-project-dev-356418/zones/us-east1-d/instanceGroups/gke-cluster-gke-dev-pool-dev-78dd35f1-grp"
            ],
            "management": [
              {
                "auto_repair": true,
                "auto_upgrade": true
              }
            ],
            "max_pods_per_node": 24,
            "name": "pool-dev",
            "name_prefix": "",
            "node_config": [
              {
                "boot_disk_kms_key": "",
                "disk_size_gb": 50,
                "disk_type": "pd-balanced",
                "gcfs_config": [],
                "guest_accelerator": [],
                "gvnic": [],
                "image_type": "COS_CONTAINERD",
                "labels": {
                  "cluster_name": "cluster-gke-dev",
                  "node_pool": "pool-dev"
                },
                "local_ssd_count": 0,
                "machine_type": "e2-medium",
                "metadata": {
                  "cluster_name": "cluster-gke-dev",
                  "disable-legacy-endpoints": "true",
                  "node_pool": "pool-dev"
                },
                "min_cpu_platform": "",
                "node_group": "",
                "oauth_scopes": [
                  "https://www.googleapis.com/auth/cloud-platform"
                ],
                "preemptible": false,
                "service_account": "default",
                "shielded_instance_config": [
                  {
                    "enable_integrity_monitoring": true,
                    "enable_secure_boot": false
                  }
                ],
                "tags": [
                  "cluster-gke-dev",
                  "cluster-gke-dev-pool-dev"
                ],
                "taint": [],
                "workload_metadata_config": [
                  {
                    "mode": "GKE_METADATA"
                  }
                ]
              }
            ],
            "node_count": 1,
            "node_locations": [
              "us-east1-b",
              "us-east1-c",
              "us-east1-d"
            ],
            "operation": null,
            "project": "terraform-project-dev-356418",
            "timeouts": {
              "create": "45m",
              "delete": "45m",
              "update": "45m"
            },
            "upgrade_settings": [
              {
                "max_surge": 1,
                "max_unavailable": 0
              }
            ],
            "version": "1.21.12-gke.1500"
          },
          "sensitive_attributes": [],
          "private": "eyJlMmJmYjczMC1lY2FhLTExZTYtOGY4OC0zNDM2M2JjN2M0YzAiOnsiY3JlYXRlIjoyNzAwMDAwMDAwMDAwLCJkZWxldGUiOjI3MDAwMDAwMDAwMDAsInVwZGF0ZSI6MjcwMDAwMDAwMDAwMH0sInNjaGVtYV92ZXJzaW9uIjoiMSJ9",
          "dependencies": [
            "google_project_service.api_compute",
            "google_project_service.api_network",
            "google_project_service.api_resourcemanager",
            "module.gke.data.google_compute_zones.available",
            "module.gke.data.google_container_engine_versions.region",
            "module.gke.data.google_container_engine_versions.zone",
            "module.gke.google_container_cluster.primary",
            "module.gke.google_service_account.cluster_service_account",
            "module.gke.random_shuffle.available_zones",
            "module.subnets.google_compute_subnetwork.subnetwork",
            "module.vpc.google_compute_global_address.private_ip_address_postegre",
            "module.vpc.google_compute_network.network",
            "module.vpc.google_service_networking_connection.private_vpc_connection"
          ]
        }
      ]
    },
    {
      "module": "module.gke",
      "mode": "managed",
      "type": "random_shuffle",
      "name": "available_zones",
      "provider": "provider[\"registry.terraform.io/hashicorp/random\"]",
      "instances": [
        {
          "schema_version": 0,
          "attributes": {
            "id": "-",
            "input": [
              "us-east1-b",
              "us-east1-c",
              "us-east1-d"
            ],
            "keepers": null,
            "result": [
              "us-east1-b",
              "us-east1-d",
              "us-east1-c"
            ],
            "result_count": 3,
            "seed": null
          },
          "sensitive_attributes": [],
          "private": "bnVsbA==",
          "dependencies": [
            "google_project_service.api_compute",
            "google_project_service.api_network",
            "google_project_service.api_resourcemanager",
            "module.gke.data.google_compute_zones.available",
            "module.subnets.google_compute_subnetwork.subnetwork",
            "module.vpc.google_compute_global_address.private_ip_address_postegre",
            "module.vpc.google_compute_network.network",
            "module.vpc.google_service_networking_connection.private_vpc_connection"
          ]
        }
      ]
    },
    {
      "module": "module.gke",
      "mode": "managed",
      "type": "random_string",
      "name": "cluster_service_account_suffix",
      "provider": "provider[\"registry.terraform.io/hashicorp/random\"]",
      "instances": [
        {
          "schema_version": 2,
          "attributes": {
            "id": "qecc",
            "keepers": null,
            "length": 4,
            "lower": true,
            "min_lower": 0,
            "min_numeric": 0,
            "min_special": 0,
            "min_upper": 0,
            "number": true,
            "numeric": true,
            "override_special": null,
            "result": "qecc",
            "special": false,
            "upper": false
          },
          "sensitive_attributes": [],
          "private": "eyJzY2hlbWFfdmVyc2lvbiI6IjIifQ==",
          "dependencies": [
            "google_project_service.api_compute",
            "google_project_service.api_network",
            "google_project_service.api_resourcemanager",
            "module.subnets.google_compute_subnetwork.subnetwork",
            "module.vpc.google_compute_global_address.private_ip_address_postegre",
            "module.vpc.google_compute_network.network",
            "module.vpc.google_service_networking_connection.private_vpc_connection"
          ]
        }
      ]
    },
    {
      "module": "module.nat",
      "mode": "managed",
      "type": "google_compute_router",
      "name": "router",
      "provider": "provider[\"registry.terraform.io/hashicorp/google\"]",
      "instances": [
        {
          "schema_version": 0,
          "attributes": {
            "bgp": [
              {
                "advertise_mode": "DEFAULT",
                "advertised_groups": null,
                "advertised_ip_ranges": [],
                "asn": 64514,
                "keepalive_interval": 20
              }
            ],
            "creation_timestamp": "2022-07-21T11:49:45.009-07:00",
            "description": "",
            "encrypted_interconnect_router": false,
            "id": "projects/terraform-project-dev-356418/regions/us-east1/routers/router-name",
            "name": "router-name",
            "network": "https://www.googleapis.com/compute/v1/projects/terraform-project-dev-356418/global/networks/vpc-dev",
            "project": "terraform-project-dev-356418",
            "region": "us-east1",
            "self_link": "https://www.googleapis.com/compute/v1/projects/terraform-project-dev-356418/regions/us-east1/routers/router-name",
            "timeouts": null
          },
          "sensitive_attributes": [],
          "private": "eyJlMmJmYjczMC1lY2FhLTExZTYtOGY4OC0zNDM2M2JjN2M0YzAiOnsiY3JlYXRlIjoxMjAwMDAwMDAwMDAwLCJkZWxldGUiOjEyMDAwMDAwMDAwMDAsInVwZGF0ZSI6MTIwMDAwMDAwMDAwMH19",
          "dependencies": [
            "google_project_service.api_compute",
            "google_project_service.api_network",
            "google_project_service.api_resourcemanager",
            "module.subnets.google_compute_subnetwork.subnetwork",
            "module.vpc.google_compute_global_address.private_ip_address_postegre",
            "module.vpc.google_compute_network.network",
            "module.vpc.google_service_networking_connection.private_vpc_connection"
          ]
        }
      ]
    },
    {
      "module": "module.nat",
      "mode": "managed",
      "type": "google_compute_router_nat",
      "name": "nat",
      "provider": "provider[\"registry.terraform.io/hashicorp/google\"]",
      "instances": [
        {
          "schema_version": 0,
          "attributes": {
            "drain_nat_ips": null,
            "enable_endpoint_independent_mapping": true,
            "icmp_idle_timeout_sec": 30,
            "id": "terraform-project-dev-356418/us-east1/router-name/nat-name",
            "log_config": [
              {
                "enable": true,
                "filter": "ERRORS_ONLY"
              }
            ],
            "min_ports_per_vm": 0,
            "name": "nat-name",
            "nat_ip_allocate_option": "AUTO_ONLY",
            "nat_ips": null,
            "project": "terraform-project-dev-356418",
            "region": "us-east1",
            "router": "router-name",
            "source_subnetwork_ip_ranges_to_nat": "ALL_SUBNETWORKS_ALL_IP_RANGES",
            "subnetwork": [],
            "tcp_established_idle_timeout_sec": 1200,
            "tcp_transitory_idle_timeout_sec": 30,
            "timeouts": null,
            "udp_idle_timeout_sec": 30
          },
          "sensitive_attributes": [],
          "private": "eyJlMmJmYjczMC1lY2FhLTExZTYtOGY4OC0zNDM2M2JjN2M0YzAiOnsiY3JlYXRlIjoxMjAwMDAwMDAwMDAwLCJkZWxldGUiOjEyMDAwMDAwMDAwMDAsInVwZGF0ZSI6MTIwMDAwMDAwMDAwMH19",
          "dependencies": [
            "google_project_service.api_compute",
            "google_project_service.api_network",
            "google_project_service.api_resourcemanager",
            "module.nat.google_compute_router.router",
            "module.subnets.google_compute_subnetwork.subnetwork",
            "module.vpc.google_compute_global_address.private_ip_address_postegre",
            "module.vpc.google_compute_network.network",
            "module.vpc.google_service_networking_connection.private_vpc_connection"
          ]
        }
      ]
    },
    {
      "module": "module.subnets",
      "mode": "managed",
      "type": "google_compute_subnetwork",
      "name": "subnetwork",
      "provider": "provider[\"registry.terraform.io/hashicorp/google\"]",
      "instances": [
        {
          "schema_version": 0,
          "attributes": {
            "creation_timestamp": "2022-07-21T11:48:59.201-07:00",
            "description": "",
            "external_ipv6_prefix": "",
            "fingerprint": null,
            "gateway_address": "10.0.0.1",
            "id": "projects/terraform-project-dev-356418/regions/us-east1/subnetworks/subnet-dev",
            "ip_cidr_range": "10.0.0.0/24",
            "ipv6_access_type": "",
            "ipv6_cidr_range": "",
            "log_config": [],
            "name": "subnet-dev",
            "network": "https://www.googleapis.com/compute/v1/projects/terraform-project-dev-356418/global/networks/vpc-dev",
            "private_ip_google_access": false,
            "private_ipv6_google_access": "DISABLE_GOOGLE_ACCESS",
            "project": "terraform-project-dev-356418",
            "purpose": "PRIVATE",
            "region": "us-east1",
            "role": "",
            "secondary_ip_range": [
              {
                "ip_cidr_range": "10.0.1.0/24",
                "range_name": "subnet-dev-k8s"
              },
              {
                "ip_cidr_range": "10.0.2.0/24",
                "range_name": "subnet-dev-services"
              }
            ],
            "self_link": "https://www.googleapis.com/compute/v1/projects/terraform-project-dev-356418/regions/us-east1/subnetworks/subnet-dev",
            "stack_type": "IPV4_ONLY",
            "timeouts": null
          },
          "sensitive_attributes": [],
          "private": "eyJlMmJmYjczMC1lY2FhLTExZTYtOGY4OC0zNDM2M2JjN2M0YzAiOnsiY3JlYXRlIjoxMjAwMDAwMDAwMDAwLCJkZWxldGUiOjEyMDAwMDAwMDAwMDAsInVwZGF0ZSI6MTIwMDAwMDAwMDAwMH19",
          "dependencies": [
            "google_project_service.api_compute",
            "google_project_service.api_network",
            "google_project_service.api_resourcemanager",
            "module.vpc.google_compute_global_address.private_ip_address_postegre",
            "module.vpc.google_compute_network.network",
            "module.vpc.google_service_networking_connection.private_vpc_connection"
          ]
        }
      ]
    },
    {
      "module": "module.vpc",
      "mode": "managed",
      "type": "google_compute_global_address",
      "name": "private_ip_address_postegre",
      "provider": "provider[\"registry.terraform.io/hashicorp/google\"]",
      "instances": [
        {
          "schema_version": 0,
          "attributes": {
            "address": "10.8.0.0",
            "address_type": "INTERNAL",
            "creation_timestamp": "2022-07-21T11:48:12.098-07:00",
            "description": "",
            "id": "projects/terraform-project-dev-356418/global/addresses/postegre-dev-range",
            "ip_version": "",
            "name": "postegre-dev-range",
            "network": "https://www.googleapis.com/compute/v1/projects/terraform-project-dev-356418/global/networks/vpc-dev",
            "prefix_length": 24,
            "project": "terraform-project-dev-356418",
            "purpose": "VPC_PEERING",
            "self_link": "https://www.googleapis.com/compute/v1/projects/terraform-project-dev-356418/global/addresses/postegre-dev-range",
            "timeouts": null
          },
          "sensitive_attributes": [],
          "private": "eyJlMmJmYjczMC1lY2FhLTExZTYtOGY4OC0zNDM2M2JjN2M0YzAiOnsiY3JlYXRlIjoxMjAwMDAwMDAwMDAwLCJkZWxldGUiOjEyMDAwMDAwMDAwMDB9fQ==",
          "dependencies": [
            "google_project_service.api_compute",
            "google_project_service.api_network",
            "google_project_service.api_resourcemanager",
            "module.vpc.google_compute_network.network"
          ]
        }
      ]
    },
    {
      "module": "module.vpc",
      "mode": "managed",
      "type": "google_compute_network",
      "name": "network",
      "provider": "provider[\"registry.terraform.io/hashicorp/google\"]",
      "instances": [
        {
          "schema_version": 0,
          "attributes": {
            "auto_create_subnetworks": false,
            "delete_default_routes_on_create": false,
            "description": "Cluster description",
            "gateway_ipv4": "",
            "id": "projects/terraform-project-dev-356418/global/networks/vpc-dev",
            "mtu": 1460,
            "name": "vpc-dev",
            "project": "terraform-project-dev-356418",
            "routing_mode": "REGIONAL",
            "self_link": "https://www.googleapis.com/compute/v1/projects/terraform-project-dev-356418/global/networks/vpc-dev",
            "timeouts": null
          },
          "sensitive_attributes": [],
          "private": "eyJlMmJmYjczMC1lY2FhLTExZTYtOGY4OC0zNDM2M2JjN2M0YzAiOnsiY3JlYXRlIjoxMjAwMDAwMDAwMDAwLCJkZWxldGUiOjEyMDAwMDAwMDAwMDAsInVwZGF0ZSI6MTIwMDAwMDAwMDAwMH19",
          "dependencies": [
            "google_project_service.api_compute",
            "google_project_service.api_network",
            "google_project_service.api_resourcemanager"
          ]
        }
      ]
    },
    {
      "module": "module.vpc",
      "mode": "managed",
      "type": "google_service_networking_connection",
      "name": "private_vpc_connection",
      "provider": "provider[\"registry.terraform.io/hashicorp/google\"]",
      "instances": [
        {
          "schema_version": 0,
          "attributes": {
            "id": "https%3A%2F%2Fwww.googleapis.com%2Fcompute%2Fv1%2Fprojects%2Fterraform-project-dev-356418%2Fglobal%2Fnetworks%2Fvpc-dev:servicenetworking.googleapis.com",
            "network": "https://www.googleapis.com/compute/v1/projects/terraform-project-dev-356418/global/networks/vpc-dev",
            "peering": "servicenetworking-googleapis-com",
            "reserved_peering_ranges": [
              "postegre-dev-range"
            ],
            "service": "servicenetworking.googleapis.com",
            "timeouts": null
          },
          "sensitive_attributes": [],
          "private": "eyJlMmJmYjczMC1lY2FhLTExZTYtOGY4OC0zNDM2M2JjN2M0YzAiOnsiY3JlYXRlIjo2MDAwMDAwMDAwMDAsImRlbGV0ZSI6NjAwMDAwMDAwMDAwLCJ1cGRhdGUiOjYwMDAwMDAwMDAwMH19",
          "dependencies": [
            "google_project_service.api_compute",
            "google_project_service.api_network",
            "google_project_service.api_resourcemanager",
            "module.vpc.google_compute_global_address.private_ip_address_postegre",
            "module.vpc.google_compute_network.network"
          ]
        }
      ]
    }
  ]
}
