{
  "version": 4,
  "terraform_version": "1.1.9",
  "serial": 797,
  "lineage": "d6f39b48-2609-f107-953b-c1a2eba1b809",
  "outputs": {
    "service_range": {
      "value": "postegre-dev-range",
      "type": "string"
    },
    "vpc": {
      "value": "vpc-dev",
      "type": "string"
    }
  },
  "resources": [
    {
      "mode": "managed",
      "type": "google_project_service",
      "name": "api_artifact",
      "provider": "provider[\"registry.terraform.io/hashicorp/google\"]",
      "instances": [
        {
          "schema_version": 0,
          "attributes": {
            "disable_dependent_services": null,
            "disable_on_destroy": false,
            "id": "terraform-development-357411/artifactregistry.googleapis.com",
            "project": "terraform-development-357411",
            "service": "artifactregistry.googleapis.com",
            "timeouts": null
          },
          "sensitive_attributes": [],
          "private": "eyJlMmJmYjczMC1lY2FhLTExZTYtOGY4OC0zNDM2M2JjN2M0YzAiOnsiY3JlYXRlIjoxMjAwMDAwMDAwMDAwLCJkZWxldGUiOjEyMDAwMDAwMDAwMDAsInJlYWQiOjYwMDAwMDAwMDAwMCwidXBkYXRlIjoxMjAwMDAwMDAwMDAwfX0="
        }
      ]
    },
    {
      "mode": "managed",
      "type": "google_project_service",
      "name": "api_compute",
      "provider": "provider[\"registry.terraform.io/hashicorp/google\"]",
      "instances": [
        {
          "schema_version": 0,
          "attributes": {
            "disable_dependent_services": null,
            "disable_on_destroy": false,
            "id": "terraform-development-357411/compute.googleapis.com",
            "project": "terraform-development-357411",
            "service": "compute.googleapis.com",
            "timeouts": null
          },
          "sensitive_attributes": [],
          "private": "eyJlMmJmYjczMC1lY2FhLTExZTYtOGY4OC0zNDM2M2JjN2M0YzAiOnsiY3JlYXRlIjoxMjAwMDAwMDAwMDAwLCJkZWxldGUiOjEyMDAwMDAwMDAwMDAsInJlYWQiOjYwMDAwMDAwMDAwMCwidXBkYXRlIjoxMjAwMDAwMDAwMDAwfX0="
        }
      ]
    },
    {
      "mode": "managed",
      "type": "google_project_service",
      "name": "api_container",
      "provider": "provider[\"registry.terraform.io/hashicorp/google\"]",
      "instances": [
        {
          "schema_version": 0,
          "attributes": {
            "disable_dependent_services": null,
            "disable_on_destroy": false,
            "id": "terraform-development-357411/container.googleapis.com",
            "project": "terraform-development-357411",
            "service": "container.googleapis.com",
            "timeouts": null
          },
          "sensitive_attributes": [],
          "private": "eyJlMmJmYjczMC1lY2FhLTExZTYtOGY4OC0zNDM2M2JjN2M0YzAiOnsiY3JlYXRlIjoxMjAwMDAwMDAwMDAwLCJkZWxldGUiOjEyMDAwMDAwMDAwMDAsInJlYWQiOjYwMDAwMDAwMDAwMCwidXBkYXRlIjoxMjAwMDAwMDAwMDAwfX0="
        }
      ]
    },
    {
      "mode": "managed",
      "type": "google_project_service",
      "name": "api_network",
      "provider": "provider[\"registry.terraform.io/hashicorp/google\"]",
      "instances": [
        {
          "schema_version": 0,
          "attributes": {
            "disable_dependent_services": null,
            "disable_on_destroy": false,
            "id": "terraform-development-357411/servicenetworking.googleapis.com",
            "project": "terraform-development-357411",
            "service": "servicenetworking.googleapis.com",
            "timeouts": null
          },
          "sensitive_attributes": [],
          "private": "eyJlMmJmYjczMC1lY2FhLTExZTYtOGY4OC0zNDM2M2JjN2M0YzAiOnsiY3JlYXRlIjoxMjAwMDAwMDAwMDAwLCJkZWxldGUiOjEyMDAwMDAwMDAwMDAsInJlYWQiOjYwMDAwMDAwMDAwMCwidXBkYXRlIjoxMjAwMDAwMDAwMDAwfX0="
        }
      ]
    },
    {
      "mode": "managed",
      "type": "google_project_service",
      "name": "api_redis",
      "provider": "provider[\"registry.terraform.io/hashicorp/google\"]",
      "instances": [
        {
          "schema_version": 0,
          "attributes": {
            "disable_dependent_services": null,
            "disable_on_destroy": false,
            "id": "terraform-development-357411/redis.googleapis.com",
            "project": "terraform-development-357411",
            "service": "redis.googleapis.com",
            "timeouts": null
          },
          "sensitive_attributes": [],
          "private": "eyJlMmJmYjczMC1lY2FhLTExZTYtOGY4OC0zNDM2M2JjN2M0YzAiOnsiY3JlYXRlIjoxMjAwMDAwMDAwMDAwLCJkZWxldGUiOjEyMDAwMDAwMDAwMDAsInJlYWQiOjYwMDAwMDAwMDAwMCwidXBkYXRlIjoxMjAwMDAwMDAwMDAwfX0="
        }
      ]
    },
    {
      "mode": "managed",
      "type": "google_project_service",
      "name": "api_repo",
      "provider": "provider[\"registry.terraform.io/hashicorp/google\"]",
      "instances": [
        {
          "schema_version": 0,
          "attributes": {
            "disable_dependent_services": null,
            "disable_on_destroy": false,
            "id": "terraform-development-357411/sourcerepo.googleapis.com",
            "project": "terraform-development-357411",
            "service": "sourcerepo.googleapis.com",
            "timeouts": null
          },
          "sensitive_attributes": [],
          "private": "eyJlMmJmYjczMC1lY2FhLTExZTYtOGY4OC0zNDM2M2JjN2M0YzAiOnsiY3JlYXRlIjoxMjAwMDAwMDAwMDAwLCJkZWxldGUiOjEyMDAwMDAwMDAwMDAsInJlYWQiOjYwMDAwMDAwMDAwMCwidXBkYXRlIjoxMjAwMDAwMDAwMDAwfX0="
        }
      ]
    },
    {
      "mode": "managed",
      "type": "google_project_service",
      "name": "api_resourcemanager",
      "provider": "provider[\"registry.terraform.io/hashicorp/google\"]",
      "instances": [
        {
          "schema_version": 0,
          "attributes": {
            "disable_dependent_services": null,
            "disable_on_destroy": false,
            "id": "terraform-development-357411/cloudresourcemanager.googleapis.com",
            "project": "terraform-development-357411",
            "service": "cloudresourcemanager.googleapis.com",
            "timeouts": null
          },
          "sensitive_attributes": [],
          "private": "eyJlMmJmYjczMC1lY2FhLTExZTYtOGY4OC0zNDM2M2JjN2M0YzAiOnsiY3JlYXRlIjoxMjAwMDAwMDAwMDAwLCJkZWxldGUiOjEyMDAwMDAwMDAwMDAsInJlYWQiOjYwMDAwMDAwMDAwMCwidXBkYXRlIjoxMjAwMDAwMDAwMDAwfX0="
        }
      ]
    },
    {
      "mode": "managed",
      "type": "google_project_service",
      "name": "api_sql",
      "provider": "provider[\"registry.terraform.io/hashicorp/google\"]",
      "instances": [
        {
          "schema_version": 0,
          "attributes": {
            "disable_dependent_services": null,
            "disable_on_destroy": false,
            "id": "terraform-development-357411/sqladmin.googleapis.com",
            "project": "terraform-development-357411",
            "service": "sqladmin.googleapis.com",
            "timeouts": null
          },
          "sensitive_attributes": [],
          "private": "eyJlMmJmYjczMC1lY2FhLTExZTYtOGY4OC0zNDM2M2JjN2M0YzAiOnsiY3JlYXRlIjoxMjAwMDAwMDAwMDAwLCJkZWxldGUiOjEyMDAwMDAwMDAwMDAsInJlYWQiOjYwMDAwMDAwMDAwMCwidXBkYXRlIjoxMjAwMDAwMDAwMDAwfX0="
        }
      ]
    },
    {
      "module": "module.artifact-registry",
      "mode": "managed",
      "type": "google_artifact_registry_repository",
      "name": "my-repo",
      "provider": "provider[\"registry.terraform.io/hashicorp/google-beta\"]",
      "instances": [
        {
          "schema_version": 0,
          "attributes": {
            "create_time": "2022-07-26T20:10:01.408215Z",
            "description": "vivae",
            "format": "DOCKER",
            "id": "projects/terraform-development-357411/locations/southamerica-east1/repositories/vivae",
            "kms_key_name": "",
            "labels": {
              "managed": "terraform"
            },
            "location": "southamerica-east1",
            "maven_config": [],
            "name": "vivae",
            "project": "terraform-development-357411",
            "repository_id": "vivae",
            "timeouts": null,
            "update_time": "2022-07-26T20:10:01.408215Z"
          },
          "sensitive_attributes": [],
          "private": "eyJlMmJmYjczMC1lY2FhLTExZTYtOGY4OC0zNDM2M2JjN2M0YzAiOnsiY3JlYXRlIjoxMjAwMDAwMDAwMDAwLCJkZWxldGUiOjEyMDAwMDAwMDAwMDAsInVwZGF0ZSI6MTIwMDAwMDAwMDAwMH19",
          "dependencies": [
            "google_project_service.api_artifact"
          ]
        }
      ]
    },
    {
      "module": "module.artifact-registry",
      "mode": "managed",
      "type": "google_project_service",
      "name": "project",
      "provider": "provider[\"registry.terraform.io/hashicorp/google\"]",
      "instances": [
        {
          "schema_version": 0,
          "attributes": {
            "disable_dependent_services": true,
            "disable_on_destroy": true,
            "id": "terraform-development-357411/containerscanning.googleapis.com",
            "project": "terraform-development-357411",
            "service": "containerscanning.googleapis.com",
            "timeouts": null
          },
          "sensitive_attributes": [],
          "private": "eyJlMmJmYjczMC1lY2FhLTExZTYtOGY4OC0zNDM2M2JjN2M0YzAiOnsiY3JlYXRlIjoxMjAwMDAwMDAwMDAwLCJkZWxldGUiOjEyMDAwMDAwMDAwMDAsInJlYWQiOjYwMDAwMDAwMDAwMCwidXBkYXRlIjoxMjAwMDAwMDAwMDAwfX0=",
          "dependencies": [
            "google_project_service.api_artifact"
          ]
        }
      ]
    },
    {
      "module": "module.cloud-storage",
      "mode": "managed",
      "type": "google_storage_bucket",
      "name": "storage",
      "provider": "provider[\"registry.terraform.io/hashicorp/google\"]",
      "instances": [
        {
          "schema_version": 0,
          "attributes": {
            "cors": [],
            "default_event_based_hold": false,
            "encryption": [],
            "force_destroy": true,
            "id": "vivae-audit",
            "labels": {
              "managed": "terraform"
            },
            "lifecycle_rule": [
              {
                "action": [
                  {
                    "storage_class": "",
                    "type": "Delete"
                  }
                ],
                "condition": [
                  {
                    "age": 360,
                    "created_before": "",
                    "custom_time_before": "",
                    "days_since_custom_time": 0,
                    "days_since_noncurrent_time": 0,
                    "matches_storage_class": [],
                    "noncurrent_time_before": "",
                    "num_newer_versions": 0,
                    "with_state": "ANY"
                  }
                ]
              }
            ],
            "location": "SOUTHAMERICA-EAST1",
            "logging": [],
            "name": "vivae-audit",
            "project": "terraform-development-357411",
            "requester_pays": false,
            "retention_policy": [],
            "self_link": "https://www.googleapis.com/storage/v1/b/vivae-audit",
            "storage_class": "STANDARD",
            "timeouts": null,
            "uniform_bucket_level_access": false,
            "url": "gs://vivae-audit",
            "versioning": [
              {
                "enabled": true
              }
            ],
            "website": []
          },
          "sensitive_attributes": [],
          "private": "eyJlMmJmYjczMC1lY2FhLTExZTYtOGY4OC0zNDM2M2JjN2M0YzAiOnsiY3JlYXRlIjoyNDAwMDAwMDAwMDAsInJlYWQiOjI0MDAwMDAwMDAwMCwidXBkYXRlIjoyNDAwMDAwMDAwMDB9fQ==",
          "dependencies": [
            "google_project_service.api_repo"
          ]
        }
      ]
    },
    {
      "module": "module.nat",
      "mode": "managed",
      "type": "google_compute_router",
      "name": "router",
      "provider": "provider[\"registry.terraform.io/hashicorp/google\"]",
      "instances": [
        {
          "schema_version": 0,
          "attributes": {
            "bgp": [
              {
                "advertise_mode": "DEFAULT",
                "advertised_groups": null,
                "advertised_ip_ranges": [],
                "asn": 64514,
                "keepalive_interval": 20
              }
            ],
            "creation_timestamp": "2022-07-26T13:12:05.108-07:00",
            "description": "",
            "encrypted_interconnect_router": false,
            "id": "projects/terraform-development-357411/regions/southamerica-east1/routers/router-name",
            "name": "router-name",
            "network": "https://www.googleapis.com/compute/v1/projects/terraform-development-357411/global/networks/vpc-dev",
            "project": "terraform-development-357411",
            "region": "southamerica-east1",
            "self_link": "https://www.googleapis.com/compute/v1/projects/terraform-development-357411/regions/southamerica-east1/routers/router-name",
            "timeouts": null
          },
          "sensitive_attributes": [],
          "private": "eyJlMmJmYjczMC1lY2FhLTExZTYtOGY4OC0zNDM2M2JjN2M0YzAiOnsiY3JlYXRlIjoxMjAwMDAwMDAwMDAwLCJkZWxldGUiOjEyMDAwMDAwMDAwMDAsInVwZGF0ZSI6MTIwMDAwMDAwMDAwMH19",
          "dependencies": [
            "google_project_service.api_compute",
            "google_project_service.api_network",
            "google_project_service.api_resourcemanager",
            "module.subnets.google_compute_subnetwork.subnetwork",
            "module.vpc.google_compute_global_address.private_ip_address_postegre",
            "module.vpc.google_compute_network.network",
            "module.vpc.google_service_networking_connection.private_vpc_connection"
          ]
        }
      ]
    },
    {
      "module": "module.nat",
      "mode": "managed",
      "type": "google_compute_router_nat",
      "name": "nat",
      "provider": "provider[\"registry.terraform.io/hashicorp/google\"]",
      "instances": [
        {
          "schema_version": 0,
          "attributes": {
            "drain_nat_ips": null,
            "enable_endpoint_independent_mapping": true,
            "icmp_idle_timeout_sec": 30,
            "id": "terraform-development-357411/southamerica-east1/router-name/nat-name",
            "log_config": [
              {
                "enable": true,
                "filter": "ERRORS_ONLY"
              }
            ],
            "min_ports_per_vm": 0,
            "name": "nat-name",
            "nat_ip_allocate_option": "AUTO_ONLY",
            "nat_ips": null,
            "project": "terraform-development-357411",
            "region": "southamerica-east1",
            "router": "router-name",
            "source_subnetwork_ip_ranges_to_nat": "ALL_SUBNETWORKS_ALL_IP_RANGES",
            "subnetwork": [],
            "tcp_established_idle_timeout_sec": 1200,
            "tcp_transitory_idle_timeout_sec": 30,
            "timeouts": null,
            "udp_idle_timeout_sec": 30
          },
          "sensitive_attributes": [],
          "private": "eyJlMmJmYjczMC1lY2FhLTExZTYtOGY4OC0zNDM2M2JjN2M0YzAiOnsiY3JlYXRlIjoxMjAwMDAwMDAwMDAwLCJkZWxldGUiOjEyMDAwMDAwMDAwMDAsInVwZGF0ZSI6MTIwMDAwMDAwMDAwMH19",
          "dependencies": [
            "google_project_service.api_compute",
            "google_project_service.api_network",
            "google_project_service.api_resourcemanager",
            "module.nat.google_compute_router.router",
            "module.subnets.google_compute_subnetwork.subnetwork",
            "module.vpc.google_compute_global_address.private_ip_address_postegre",
            "module.vpc.google_compute_network.network",
            "module.vpc.google_service_networking_connection.private_vpc_connection"
          ]
        }
      ]
    },
    {
      "module": "module.postgresql",
      "mode": "managed",
      "type": "google_sql_database_instance",
      "name": "default",
      "provider": "provider[\"registry.terraform.io/hashicorp/google\"]",
      "instances": [
        {
          "schema_version": 0,
          "attributes": {
            "clone": [],
            "connection_name": "terraform-development-357411:southamerica-east1:postgre-dev-2",
            "database_version": "POSTGRES_9_6",
            "deletion_protection": false,
            "first_ip_address": "10.8.0.4",
            "id": "postgre-dev-2",
            "ip_address": [
              {
                "ip_address": "10.8.0.4",
                "time_to_retire": "",
                "type": "PRIVATE"
              }
            ],
            "master_instance_name": "",
            "name": "postgre-dev-2",
            "private_ip_address": "10.8.0.4",
            "project": "terraform-development-357411",
            "public_ip_address": "",
            "region": "southamerica-east1",
            "replica_configuration": [],
            "restore_backup_context": [],
            "root_password": null,
            "self_link": "https://sqladmin.googleapis.com/sql/v1beta4/projects/terraform-development-357411/instances/postgre-dev-2",
            "server_ca_cert": [
              {
                "cert": "-----BEGIN CERTIFICATE-----\nMIIDfzCCAmegAwIBAgIBADANBgkqhkiG9w0BAQsFADB3MS0wKwYDVQQuEyQzOTZh\nMDI0NC00NGRkLTQ2NzQtODU0ZC05ODZjNjcyYjIzMjExIzAhBgNVBAMTGkdvb2ds\nZSBDbG91ZCBTUUwgU2VydmVyIENBMRQwEgYDVQQKEwtHb29nbGUsIEluYzELMAkG\nA1UEBhMCVVMwHhcNMjIwNzI2MjAxNDExWhcNMzIwNzIzMjAxNTExWjB3MS0wKwYD\nVQQuEyQzOTZhMDI0NC00NGRkLTQ2NzQtODU0ZC05ODZjNjcyYjIzMjExIzAhBgNV\nBAMTGkdvb2dsZSBDbG91ZCBTUUwgU2VydmVyIENBMRQwEgYDVQQKEwtHb29nbGUs\nIEluYzELMAkGA1UEBhMCVVMwggEiMA0GCSqGSIb3DQEBAQUAA4IBDwAwggEKAoIB\nAQClyD+EDxB8Cf8/+ajYqF5kntTJcAri041ygiPt1HvVqVN8Z62dDmAz9OlVYV3r\ntpmpqZiEmPhoh15ByYgIY/M53fjJ2HaY8umYHB8EzoYqA0s8OozSQ3kaJpAFak5i\nfZjKuPOsLQvFMixaz5tXbzhzepwzOnWL9BrPzhK9xyAinLqBG2e9ceLC2YChIICB\nvENKbSCFGygKavq8WuyuCgtZVi9pI0oEmqxMWhp4Urd1nQAD0PHE+Ilo26XNhG8Z\n8pS2sgWbzB1lRCZ+FBXXCt5BMdnNt95rqRS8qbra63vfcIPiNA9wQCMAOX457ttr\nZPMwJhkyng5wVUS/rqO8zmQfAgMBAAGjFjAUMBIGA1UdEwEB/wQIMAYBAf8CAQAw\nDQYJKoZIhvcNAQELBQADggEBAHIZU/qGjXS+ji4BulL+DJ3CgwXllxBPYgb79VMb\n9Xm1MwtiQlenSYosRD/wv58dagXL/NHBemT+WFvu7GjfSowCWkQ94DLGzM+QReF1\nZlFYbSKA9dqGvGOHqGoKxSAI+s4Z2z2Op+likDB0YNawSLWk4z99ztSeXgKtkaBt\n7+tP7iywn3F2WR6gSrWaBLJnax9DfxvBkHrSO5TM8MjypgiFTU3eyIZFZPWe+ZRG\n6FHnh6EHwXebi4by9XgmURuGq4X5meBQi5E7g0aHyjiShSL7qsHguMdGleBSNf2Y\nWPU6jnd9fPqZU9qjpzhQ95ZQUUYmu7mT6l8M8gDwd3p0J2E=\n-----END CERTIFICATE-----",
                "common_name": "C=US,O=Google\\, Inc,CN=Google Cloud SQL Server CA,dnQualifier=396a0244-44dd-4674-854d-986c672b2321",
                "create_time": "2022-07-26T20:14:11.186Z",
                "expiration_time": "2032-07-23T20:15:11.186Z",
                "sha1_fingerprint": "8d1bf49610923cf979ecc8caa1836685d44bacc0"
              }
            ],
            "service_account_email_address": "p498453748782-lrpg68@gcp-sa-cloud-sql.iam.gserviceaccount.com",
            "settings": [
              {
                "activation_policy": "ALWAYS",
                "availability_type": "REGIONAL",
                "backup_configuration": [
                  {
                    "backup_retention_settings": [
                      {
                        "retained_backups": 365,
                        "retention_unit": "COUNT"
                      }
                    ],
                    "binary_log_enabled": false,
                    "enabled": true,
                    "location": "southamerica-east1",
                    "point_in_time_recovery_enabled": true,
                    "start_time": "03:00",
                    "transaction_log_retention_days": 7
                  }
                ],
                "collation": "",
                "database_flags": [
                  {
                    "name": "autovacuum",
                    "value": "off"
                  }
                ],
                "disk_autoresize": true,
                "disk_autoresize_limit": 500,
                "disk_size": 100,
                "disk_type": "PD_SSD",
                "insights_config": [],
                "ip_configuration": [
                  {
                    "allocated_ip_range": "",
                    "authorized_networks": [],
                    "ipv4_enabled": false,
                    "private_network": "projects/terraform-development-357411/global/networks/vpc-dev",
                    "require_ssl": false
                  }
                ],
                "location_preference": [
                  {
                    "follow_gae_application": "",
                    "zone": "southamerica-east1-b"
                  }
                ],
                "maintenance_window": [
                  {
                    "day": 7,
                    "hour": 0,
                    "update_track": "stable"
                  }
                ],
                "pricing_plan": "PER_USE",
                "tier": "db-custom-4-15360",
                "user_labels": {
                  "env": "dev",
                  "managed": "terraform"
                },
                "version": 4
              }
            ],
            "timeouts": {
              "create": "20m",
              "delete": "15m",
              "update": "15m"
            }
          },
          "sensitive_attributes": [],
          "private": "eyJlMmJmYjczMC1lY2FhLTExZTYtOGY4OC0zNDM2M2JjN2M0YzAiOnsiY3JlYXRlIjoxMjAwMDAwMDAwMDAwLCJkZWxldGUiOjkwMDAwMDAwMDAwMCwidXBkYXRlIjo5MDAwMDAwMDAwMDB9fQ==",
          "dependencies": [
            "google_project_service.api_compute",
            "google_project_service.api_network",
            "google_project_service.api_resourcemanager",
            "google_project_service.api_sql",
            "module.subnets.google_compute_subnetwork.subnetwork",
            "module.vpc.google_compute_global_address.private_ip_address_postegre",
            "module.vpc.google_compute_network.network",
            "module.vpc.google_service_networking_connection.private_vpc_connection"
          ]
        }
      ]
    },
    {
      "module": "module.subnets",
      "mode": "managed",
      "type": "google_compute_subnetwork",
      "name": "subnetwork",
      "provider": "provider[\"registry.terraform.io/hashicorp/google\"]",
      "instances": [
        {
          "schema_version": 0,
          "attributes": {
            "creation_timestamp": "2022-07-26T13:11:09.915-07:00",
            "description": "",
            "external_ipv6_prefix": "",
            "fingerprint": null,
            "gateway_address": "10.0.0.1",
            "id": "projects/terraform-development-357411/regions/southamerica-east1/subnetworks/subnet-dev",
            "ip_cidr_range": "10.0.0.0/24",
            "ipv6_access_type": "",
            "ipv6_cidr_range": "",
            "log_config": [],
            "name": "subnet-dev",
            "network": "https://www.googleapis.com/compute/v1/projects/terraform-development-357411/global/networks/vpc-dev",
            "private_ip_google_access": false,
            "private_ipv6_google_access": "DISABLE_GOOGLE_ACCESS",
            "project": "terraform-development-357411",
            "purpose": "PRIVATE",
            "region": "southamerica-east1",
            "role": "",
            "secondary_ip_range": [
              {
                "ip_cidr_range": "10.0.1.0/24",
                "range_name": "subnet-dev-k8s"
              },
              {
                "ip_cidr_range": "10.0.2.0/24",
                "range_name": "subnet-dev-services"
              }
            ],
            "self_link": "https://www.googleapis.com/compute/v1/projects/terraform-development-357411/regions/southamerica-east1/subnetworks/subnet-dev",
            "stack_type": "IPV4_ONLY",
            "timeouts": null
          },
          "sensitive_attributes": [],
          "private": "eyJlMmJmYjczMC1lY2FhLTExZTYtOGY4OC0zNDM2M2JjN2M0YzAiOnsiY3JlYXRlIjoxMjAwMDAwMDAwMDAwLCJkZWxldGUiOjEyMDAwMDAwMDAwMDAsInVwZGF0ZSI6MTIwMDAwMDAwMDAwMH19",
          "dependencies": [
            "google_project_service.api_compute",
            "google_project_service.api_network",
            "google_project_service.api_resourcemanager",
            "module.vpc.google_compute_global_address.private_ip_address_postegre",
            "module.vpc.google_compute_network.network",
            "module.vpc.google_service_networking_connection.private_vpc_connection"
          ]
        }
      ]
    },
    {
      "module": "module.vpc",
      "mode": "managed",
      "type": "google_compute_global_address",
      "name": "private_ip_address_postegre",
      "provider": "provider[\"registry.terraform.io/hashicorp/google\"]",
      "instances": [
        {
          "schema_version": 0,
          "attributes": {
            "address": "10.8.0.0",
            "address_type": "INTERNAL",
            "creation_timestamp": "2022-07-26T13:10:23.003-07:00",
            "description": "",
            "id": "projects/terraform-development-357411/global/addresses/postegre-dev-range",
            "ip_version": "",
            "name": "postegre-dev-range",
            "network": "https://www.googleapis.com/compute/v1/projects/terraform-development-357411/global/networks/vpc-dev",
            "prefix_length": 24,
            "project": "terraform-development-357411",
            "purpose": "VPC_PEERING",
            "self_link": "https://www.googleapis.com/compute/v1/projects/terraform-development-357411/global/addresses/postegre-dev-range",
            "timeouts": null
          },
          "sensitive_attributes": [],
          "private": "eyJlMmJmYjczMC1lY2FhLTExZTYtOGY4OC0zNDM2M2JjN2M0YzAiOnsiY3JlYXRlIjoxMjAwMDAwMDAwMDAwLCJkZWxldGUiOjEyMDAwMDAwMDAwMDB9fQ==",
          "dependencies": [
            "google_project_service.api_compute",
            "google_project_service.api_network",
            "google_project_service.api_resourcemanager",
            "module.vpc.google_compute_network.network"
          ]
        }
      ]
    },
    {
      "module": "module.vpc",
      "mode": "managed",
      "type": "google_compute_network",
      "name": "network",
      "provider": "provider[\"registry.terraform.io/hashicorp/google\"]",
      "instances": [
        {
          "schema_version": 0,
          "attributes": {
            "auto_create_subnetworks": false,
            "delete_default_routes_on_create": false,
            "description": "Cluster description",
            "gateway_ipv4": "",
            "id": "projects/terraform-development-357411/global/networks/vpc-dev",
            "mtu": 1460,
            "name": "vpc-dev",
            "project": "terraform-development-357411",
            "routing_mode": "REGIONAL",
            "self_link": "https://www.googleapis.com/compute/v1/projects/terraform-development-357411/global/networks/vpc-dev",
            "timeouts": null
          },
          "sensitive_attributes": [],
          "private": "eyJlMmJmYjczMC1lY2FhLTExZTYtOGY4OC0zNDM2M2JjN2M0YzAiOnsiY3JlYXRlIjoxMjAwMDAwMDAwMDAwLCJkZWxldGUiOjEyMDAwMDAwMDAwMDAsInVwZGF0ZSI6MTIwMDAwMDAwMDAwMH19",
          "dependencies": [
            "google_project_service.api_compute",
            "google_project_service.api_network",
            "google_project_service.api_resourcemanager"
          ]
        }
      ]
    },
    {
      "module": "module.vpc",
      "mode": "managed",
      "type": "google_service_networking_connection",
      "name": "private_vpc_connection",
      "provider": "provider[\"registry.terraform.io/hashicorp/google\"]",
      "instances": [
        {
          "schema_version": 0,
          "attributes": {
            "id": "https%3A%2F%2Fwww.googleapis.com%2Fcompute%2Fv1%2Fprojects%2Fterraform-development-357411%2Fglobal%2Fnetworks%2Fvpc-dev:servicenetworking.googleapis.com",
            "network": "https://www.googleapis.com/compute/v1/projects/terraform-development-357411/global/networks/vpc-dev",
            "peering": "servicenetworking-googleapis-com",
            "reserved_peering_ranges": [
              "postegre-dev-range"
            ],
            "service": "servicenetworking.googleapis.com",
            "timeouts": null
          },
          "sensitive_attributes": [],
          "private": "eyJlMmJmYjczMC1lY2FhLTExZTYtOGY4OC0zNDM2M2JjN2M0YzAiOnsiY3JlYXRlIjo2MDAwMDAwMDAwMDAsImRlbGV0ZSI6NjAwMDAwMDAwMDAwLCJ1cGRhdGUiOjYwMDAwMDAwMDAwMH19",
          "dependencies": [
            "google_project_service.api_compute",
            "google_project_service.api_network",
            "google_project_service.api_resourcemanager",
            "module.vpc.google_compute_global_address.private_ip_address_postegre",
            "module.vpc.google_compute_network.network"
          ]
        }
      ]
    }
  ]
}
